// !$*UTF8*$!
{
	archiveVersion = 1;
	classes = {
	};
	objectVersion = 54;
	objects = {

/* Begin PBXBuildFile section */
		037D2641AD08F44A9BCEA378 /* ExchangeRateDetailCoordinator.swift in Sources */ = {isa = PBXBuildFile; fileRef = DD05BC59B4CDE5723BA274E1 /* ExchangeRateDetailCoordinator.swift */; };
		0661D2D36C69672AA2745E53 /* DummyDataServiceLoader.swift in Sources */ = {isa = PBXBuildFile; fileRef = 279806A4725B0215FA381A17 /* DummyDataServiceLoader.swift */; };
		0950120BF7C173755DABD5F2 /* SharedTestHelpers.swift in Sources */ = {isa = PBXBuildFile; fileRef = D8B79E516E095D0CE1E81BEF /* SharedTestHelpers.swift */; };
		12BD66BD47789D90B4BE0297 /* ExchangeRateListUseCase.swift in Sources */ = {isa = PBXBuildFile; fileRef = 55EED36C5382979EEEAF4E5E /* ExchangeRateListUseCase.swift */; };
		1FB60005EBEFBD5CFA0C98EE /* URLSessionHTTPClientTests.swift in Sources */ = {isa = PBXBuildFile; fileRef = 2ADD1A1C1A8D8EBA7FAD5AF2 /* URLSessionHTTPClientTests.swift */; };
		2115B53ED05D833C09D66E1F /* ExchangeRateListUseCaseTests.swift in Sources */ = {isa = PBXBuildFile; fileRef = 3E3364867B6D0088F377985E /* ExchangeRateListUseCaseTests.swift */; };
		21883DAEBC13401F0D0C3763 /* ExchangeRateDetailViewModel.swift in Sources */ = {isa = PBXBuildFile; fileRef = 72134A2642FB0FCD65B5D176 /* ExchangeRateDetailViewModel.swift */; };
		29177A1693CE678C399CAE81 /* MockNavigationController.swift in Sources */ = {isa = PBXBuildFile; fileRef = 76FEC2B132170F5E1FA709C7 /* MockNavigationController.swift */; };
		32ADD754BEB09139AE59D8A1 /* XCTestCase+MemoryLeakTracking.swift in Sources */ = {isa = PBXBuildFile; fileRef = ECA0B40846574AF0A14A5A10 /* XCTestCase+MemoryLeakTracking.swift */; };
		361F1F7760D276C7687ADDE1 /* ExchangeRateListViewModelTests.swift in Sources */ = {isa = PBXBuildFile; fileRef = 71623683E1199413A04CDEF0 /* ExchangeRateListViewModelTests.swift */; };
		48ED46D5B0A9FE33DBBBC445 /* ExchangeRateTests.swift in Sources */ = {isa = PBXBuildFile; fileRef = 2E830BAFEFC050496A59B788 /* ExchangeRateTests.swift */; };
		4B88F300E0451CE1183BD15C /* AppCoordinator.swift in Sources */ = {isa = PBXBuildFile; fileRef = 74E3E738A4B942E0771379B9 /* AppCoordinator.swift */; };
		518DD42AFB672D323296CDE3 /* ExchangeRateEntity.swift in Sources */ = {isa = PBXBuildFile; fileRef = 6A3520E503665029DA4A7BD3 /* ExchangeRateEntity.swift */; };
		5803BEB43350B8FD19AD745B /* ExchangeRateDetailCoordinatorTests.swift in Sources */ = {isa = PBXBuildFile; fileRef = 9E013CB642D314C3044A724E /* ExchangeRateDetailCoordinatorTests.swift */; };
		5F543FF01F8C448C69454FA0 /* ExchangeRateDetailViewControllerTests.swift in Sources */ = {isa = PBXBuildFile; fileRef = E142D1969B12EC63C98A99F3 /* ExchangeRateDetailViewControllerTests.swift */; };
		60D8D489F5E294AD9B99CB0E /* URLSessionHTTPClient.swift in Sources */ = {isa = PBXBuildFile; fileRef = 1525E660360B300F88FEB9AA /* URLSessionHTTPClient.swift */; };
		656B4DBBA5F6BB077901791E /* ExchangeRateListApi.swift in Sources */ = {isa = PBXBuildFile; fileRef = EE7CDC4B8BF8AC08D7511B97 /* ExchangeRateListApi.swift */; };
		6822B3AA5BC25E2318DE3EAE /* RemoteDataLoaderTest.swift in Sources */ = {isa = PBXBuildFile; fileRef = 5107DA060E111FE55AC5CABB /* RemoteDataLoaderTest.swift */; };
		6D3A1D74EB6A41C9C3D5A423 /* ExchangeRateListCoordinator.swift in Sources */ = {isa = PBXBuildFile; fileRef = 4DE09DE9232382DFD108BF3F /* ExchangeRateListCoordinator.swift */; };
		73B28D1A044D4555DBF2BF34 /* AppError.swift in Sources */ = {isa = PBXBuildFile; fileRef = 03A2CF8286DD900067CDF9C4 /* AppError.swift */; };
		7F4ACF6FCF2264BF88E7FD15 /* SceneDelegate.swift in Sources */ = {isa = PBXBuildFile; fileRef = B0AA2FC9BDA1C8F1197DE7D8 /* SceneDelegate.swift */; };
		89FE5AD78CFF89CC9C86CC90 /* ExchangeRateListAPIEndToEndTests.swift in Sources */ = {isa = PBXBuildFile; fileRef = D167F7CFCB7817733D32132D /* ExchangeRateListAPIEndToEndTests.swift */; };
		8B9157E4972623E7FAC41027 /* LaunchScreen.storyboard in Resources */ = {isa = PBXBuildFile; fileRef = 71CE5E7793D05666AF79BF79 /* LaunchScreen.storyboard */; };
		8D49D28DA1F95DB97CE489FB /* RemoteDataLoader.swift in Sources */ = {isa = PBXBuildFile; fileRef = D3C588145448A58E401415F2 /* RemoteDataLoader.swift */; };
		91FDD58E7AB3DF6745C447B8 /* ExchangeRateDetailViewController.swift in Sources */ = {isa = PBXBuildFile; fileRef = 20D48D504DAABA67EA47D8D9 /* ExchangeRateDetailViewController.swift */; };
		AC79FDD62BFDC970E2135217 /* ExchangeRateListViewControllerTests.swift in Sources */ = {isa = PBXBuildFile; fileRef = C62434F995BA7532B42286F8 /* ExchangeRateListViewControllerTests.swift */; };
		B2033197A3EC1BB1D3BEFB95 /* ExchangeRateListMockRepository.swift in Sources */ = {isa = PBXBuildFile; fileRef = B70985BF2C6634F1C5F3FA92 /* ExchangeRateListMockRepository.swift */; };
		B5290F3E38A34A3F93D355C0 /* ExchangeRateListViewModel.swift in Sources */ = {isa = PBXBuildFile; fileRef = ECADFA09F48B1D7A2FA9A9E9 /* ExchangeRateListViewModel.swift */; };
		BD74D9F0ECB406FC8C9E0226 /* ExchangeRateDetailViewModelTests.swift in Sources */ = {isa = PBXBuildFile; fileRef = 957AB600D2CE9E4F781BFB46 /* ExchangeRateDetailViewModelTests.swift */; };
		BE4AFE404A67B76651B29109 /* ExchangeRateDTO+Mapping.swift in Sources */ = {isa = PBXBuildFile; fileRef = A8D29A1CEF64599E259EF8F7 /* ExchangeRateDTO+Mapping.swift */; };
		C519B2202963F36B0EE5A863 /* AppDIContainer.swift in Sources */ = {isa = PBXBuildFile; fileRef = 6AE5ADCD1138EDF8F696C3F1 /* AppDIContainer.swift */; };
		CF0E5AED8B85A6F657A494EB /* MainExchangeRateListRepository.swift in Sources */ = {isa = PBXBuildFile; fileRef = 83C33EDD9812C9E00F70A800 /* MainExchangeRateListRepository.swift */; };
		CF76714FE2DFDA29A6296040 /* HTTPClient.swift in Sources */ = {isa = PBXBuildFile; fileRef = C7A12C60B3A5B0B5B231EDE0 /* HTTPClient.swift */; };
		CF893DAC2BC45494AE96CAEA /* ApiConfig.swift in Sources */ = {isa = PBXBuildFile; fileRef = 91CB000339FF729FA8902297 /* ApiConfig.swift */; };
		D2C307C5FCE587DDE8A010DE /* Assets.xcassets in Resources */ = {isa = PBXBuildFile; fileRef = DC4B9F6315A8B7267BFDF7CF /* Assets.xcassets */; };
		E5A08047553028F2FE83AF94 /* ExchangeRateListRepository.swift in Sources */ = {isa = PBXBuildFile; fileRef = 99D7A78B293EA0BDED992FDD /* ExchangeRateListRepository.swift */; };
		E5DA4704E8E285E13FBB096E /* MockEntity.swift in Sources */ = {isa = PBXBuildFile; fileRef = D91CEDF4DF3D93B35F061669 /* MockEntity.swift */; };
		E74AE78DF1CEF697DCF14378 /* AppDelegate.swift in Sources */ = {isa = PBXBuildFile; fileRef = A74EB896AE2B6BEB9A905BFA /* AppDelegate.swift */; };
		ECEAEAD45CC6B2AF5F8FC7EC /* ExchangeRateListDIContainer.swift in Sources */ = {isa = PBXBuildFile; fileRef = C1B4B7B279757C485EDA1D4A /* ExchangeRateListDIContainer.swift */; };
		EF484D4EB0D629811E230F1C /* ExchangeRateListViewController.swift in Sources */ = {isa = PBXBuildFile; fileRef = F27252E4D8B4C41D0D5648B1 /* ExchangeRateListViewController.swift */; };
		F038E5206311EDD303F2C064 /* ExchangeRateDetailDIContainer.swift in Sources */ = {isa = PBXBuildFile; fileRef = F6870B656BF7907D53A59684 /* ExchangeRateDetailDIContainer.swift */; };
		F07CF8AA90617AAFB3408D65 /* Coordinator.swift in Sources */ = {isa = PBXBuildFile; fileRef = 5C59FB065C56C9D737584A4B /* Coordinator.swift */; };
		F94E48699001C8FE674763F0 /* DataServiceLoader.swift in Sources */ = {isa = PBXBuildFile; fileRef = D2669A258EA45F99D73A4A3C /* DataServiceLoader.swift */; };
		FADBFC318DFD565BD8A9E964 /* UIViewController+Lifecycle.swift in Sources */ = {isa = PBXBuildFile; fileRef = D6E7FCC9CF6DB0A3572F68AF /* UIViewController+Lifecycle.swift */; };
		FD50311B4CAB171D75CCDF18 /* ExchangeRateListCoordinatorTests.swift in Sources */ = {isa = PBXBuildFile; fileRef = FD160B17ACC669EEA5803DD9 /* ExchangeRateListCoordinatorTests.swift */; };
/* End PBXBuildFile section */

/* Begin PBXContainerItemProxy section */
		3C68FE879CE93834B916E6F1 /* PBXContainerItemProxy */ = {
			isa = PBXContainerItemProxy;
			containerPortal = 843B07F5064DEE44A19A403B /* Project object */;
			proxyType = 1;
			remoteGlobalIDString = 2269389022BADEBE0016D8DF;
			remoteInfo = CleanArchWithUIKitDemo;
		};
		3FA29D280C251994C3240C83 /* PBXContainerItemProxy */ = {
			isa = PBXContainerItemProxy;
			containerPortal = 843B07F5064DEE44A19A403B /* Project object */;
			proxyType = 1;
			remoteGlobalIDString = 2269389022BADEBE0016D8DF;
			remoteInfo = CleanArchWithUIKitDemo;
		};
/* End PBXContainerItemProxy section */

/* Begin PBXFileReference section */
		03A2CF8286DD900067CDF9C4 /* AppError.swift */ = {isa = PBXFileReference; lastKnownFileType = sourcecode.swift; path = AppError.swift; sourceTree = "<group>"; };
		1525E660360B300F88FEB9AA /* URLSessionHTTPClient.swift */ = {isa = PBXFileReference; lastKnownFileType = sourcecode.swift; path = URLSessionHTTPClient.swift; sourceTree = "<group>"; };
		20D48D504DAABA67EA47D8D9 /* ExchangeRateDetailViewController.swift */ = {isa = PBXFileReference; lastKnownFileType = sourcecode.swift; path = ExchangeRateDetailViewController.swift; sourceTree = "<group>"; };
		279806A4725B0215FA381A17 /* DummyDataServiceLoader.swift */ = {isa = PBXFileReference; lastKnownFileType = sourcecode.swift; path = DummyDataServiceLoader.swift; sourceTree = "<group>"; };
		2ADD1A1C1A8D8EBA7FAD5AF2 /* URLSessionHTTPClientTests.swift */ = {isa = PBXFileReference; lastKnownFileType = sourcecode.swift; path = URLSessionHTTPClientTests.swift; sourceTree = "<group>"; };
		2E830BAFEFC050496A59B788 /* ExchangeRateTests.swift */ = {isa = PBXFileReference; lastKnownFileType = sourcecode.swift; path = ExchangeRateTests.swift; sourceTree = "<group>"; };
		3E3364867B6D0088F377985E /* ExchangeRateListUseCaseTests.swift */ = {isa = PBXFileReference; lastKnownFileType = sourcecode.swift; path = ExchangeRateListUseCaseTests.swift; sourceTree = "<group>"; };
		4DE09DE9232382DFD108BF3F /* ExchangeRateListCoordinator.swift */ = {isa = PBXFileReference; lastKnownFileType = sourcecode.swift; path = ExchangeRateListCoordinator.swift; sourceTree = "<group>"; };
		4F4E27C0991054312891959F /* CleanArchWithUIKitDemoAPIEndToEndTests.xctest */ = {isa = PBXFileReference; includeInIndex = 0; lastKnownFileType = wrapper.cfbundle; path = CleanArchWithUIKitDemoAPIEndToEndTests.xctest; sourceTree = BUILT_PRODUCTS_DIR; };
		5107DA060E111FE55AC5CABB /* RemoteDataLoaderTest.swift */ = {isa = PBXFileReference; lastKnownFileType = sourcecode.swift; path = RemoteDataLoaderTest.swift; sourceTree = "<group>"; };
		55EED36C5382979EEEAF4E5E /* ExchangeRateListUseCase.swift */ = {isa = PBXFileReference; lastKnownFileType = sourcecode.swift; path = ExchangeRateListUseCase.swift; sourceTree = "<group>"; };
		5C59FB065C56C9D737584A4B /* Coordinator.swift */ = {isa = PBXFileReference; lastKnownFileType = sourcecode.swift; path = Coordinator.swift; sourceTree = "<group>"; };
		69EBC17BA171E32DF6C6C73B /* Base */ = {isa = PBXFileReference; lastKnownFileType = file.storyboard; name = Base; path = Base.lproj/LaunchScreen.storyboard; sourceTree = "<group>"; };
		6A3520E503665029DA4A7BD3 /* ExchangeRateEntity.swift */ = {isa = PBXFileReference; lastKnownFileType = sourcecode.swift; path = ExchangeRateEntity.swift; sourceTree = "<group>"; };
		6AE5ADCD1138EDF8F696C3F1 /* AppDIContainer.swift */ = {isa = PBXFileReference; lastKnownFileType = sourcecode.swift; path = AppDIContainer.swift; sourceTree = "<group>"; };
		71623683E1199413A04CDEF0 /* ExchangeRateListViewModelTests.swift */ = {isa = PBXFileReference; lastKnownFileType = sourcecode.swift; path = ExchangeRateListViewModelTests.swift; sourceTree = "<group>"; };
		72134A2642FB0FCD65B5D176 /* ExchangeRateDetailViewModel.swift */ = {isa = PBXFileReference; lastKnownFileType = sourcecode.swift; path = ExchangeRateDetailViewModel.swift; sourceTree = "<group>"; };
		74E3E738A4B942E0771379B9 /* AppCoordinator.swift */ = {isa = PBXFileReference; lastKnownFileType = sourcecode.swift; path = AppCoordinator.swift; sourceTree = "<group>"; };
		76FEC2B132170F5E1FA709C7 /* MockNavigationController.swift */ = {isa = PBXFileReference; lastKnownFileType = sourcecode.swift; path = MockNavigationController.swift; sourceTree = "<group>"; };
		83C33EDD9812C9E00F70A800 /* MainExchangeRateListRepository.swift */ = {isa = PBXFileReference; lastKnownFileType = sourcecode.swift; path = MainExchangeRateListRepository.swift; sourceTree = "<group>"; };
		91CB000339FF729FA8902297 /* ApiConfig.swift */ = {isa = PBXFileReference; lastKnownFileType = sourcecode.swift; path = ApiConfig.swift; sourceTree = "<group>"; };
		93BA51166B8F0727CFDB9541 /* CleanArchWithUIKitDemoTests.xctest */ = {isa = PBXFileReference; includeInIndex = 0; lastKnownFileType = wrapper.cfbundle; path = CleanArchWithUIKitDemoTests.xctest; sourceTree = BUILT_PRODUCTS_DIR; };
		957AB600D2CE9E4F781BFB46 /* ExchangeRateDetailViewModelTests.swift */ = {isa = PBXFileReference; lastKnownFileType = sourcecode.swift; path = ExchangeRateDetailViewModelTests.swift; sourceTree = "<group>"; };
		99D7A78B293EA0BDED992FDD /* ExchangeRateListRepository.swift */ = {isa = PBXFileReference; lastKnownFileType = sourcecode.swift; path = ExchangeRateListRepository.swift; sourceTree = "<group>"; };
		9E013CB642D314C3044A724E /* ExchangeRateDetailCoordinatorTests.swift */ = {isa = PBXFileReference; lastKnownFileType = sourcecode.swift; path = ExchangeRateDetailCoordinatorTests.swift; sourceTree = "<group>"; };
		A74EB896AE2B6BEB9A905BFA /* AppDelegate.swift */ = {isa = PBXFileReference; lastKnownFileType = sourcecode.swift; path = AppDelegate.swift; sourceTree = "<group>"; };
		A8D29A1CEF64599E259EF8F7 /* ExchangeRateDTO+Mapping.swift */ = {isa = PBXFileReference; lastKnownFileType = sourcecode.swift; path = "ExchangeRateDTO+Mapping.swift"; sourceTree = "<group>"; };
		B0AA2FC9BDA1C8F1197DE7D8 /* SceneDelegate.swift */ = {isa = PBXFileReference; lastKnownFileType = sourcecode.swift; path = SceneDelegate.swift; sourceTree = "<group>"; };
		B0C8ECEA19DC2184FC7C569F /* Info.plist */ = {isa = PBXFileReference; lastKnownFileType = text.plist; path = Info.plist; sourceTree = "<group>"; };
		B70985BF2C6634F1C5F3FA92 /* ExchangeRateListMockRepository.swift */ = {isa = PBXFileReference; lastKnownFileType = sourcecode.swift; path = ExchangeRateListMockRepository.swift; sourceTree = "<group>"; };
		C1B4B7B279757C485EDA1D4A /* ExchangeRateListDIContainer.swift */ = {isa = PBXFileReference; lastKnownFileType = sourcecode.swift; path = ExchangeRateListDIContainer.swift; sourceTree = "<group>"; };
		C62434F995BA7532B42286F8 /* ExchangeRateListViewControllerTests.swift */ = {isa = PBXFileReference; lastKnownFileType = sourcecode.swift; path = ExchangeRateListViewControllerTests.swift; sourceTree = "<group>"; };
		C7A12C60B3A5B0B5B231EDE0 /* HTTPClient.swift */ = {isa = PBXFileReference; lastKnownFileType = sourcecode.swift; path = HTTPClient.swift; sourceTree = "<group>"; };
		D167F7CFCB7817733D32132D /* ExchangeRateListAPIEndToEndTests.swift */ = {isa = PBXFileReference; lastKnownFileType = sourcecode.swift; path = ExchangeRateListAPIEndToEndTests.swift; sourceTree = "<group>"; };
		D2669A258EA45F99D73A4A3C /* DataServiceLoader.swift */ = {isa = PBXFileReference; lastKnownFileType = sourcecode.swift; path = DataServiceLoader.swift; sourceTree = "<group>"; };
		D3C588145448A58E401415F2 /* RemoteDataLoader.swift */ = {isa = PBXFileReference; lastKnownFileType = sourcecode.swift; path = RemoteDataLoader.swift; sourceTree = "<group>"; };
		D6E7FCC9CF6DB0A3572F68AF /* UIViewController+Lifecycle.swift */ = {isa = PBXFileReference; lastKnownFileType = sourcecode.swift; path = "UIViewController+Lifecycle.swift"; sourceTree = "<group>"; };
		D8B79E516E095D0CE1E81BEF /* SharedTestHelpers.swift */ = {isa = PBXFileReference; lastKnownFileType = sourcecode.swift; path = SharedTestHelpers.swift; sourceTree = "<group>"; };
		D91CEDF4DF3D93B35F061669 /* MockEntity.swift */ = {isa = PBXFileReference; lastKnownFileType = sourcecode.swift; path = MockEntity.swift; sourceTree = "<group>"; };
		DC4B9F6315A8B7267BFDF7CF /* Assets.xcassets */ = {isa = PBXFileReference; lastKnownFileType = folder.assetcatalog; path = Assets.xcassets; sourceTree = "<group>"; };
		DD05BC59B4CDE5723BA274E1 /* ExchangeRateDetailCoordinator.swift */ = {isa = PBXFileReference; lastKnownFileType = sourcecode.swift; path = ExchangeRateDetailCoordinator.swift; sourceTree = "<group>"; };
		E142D1969B12EC63C98A99F3 /* ExchangeRateDetailViewControllerTests.swift */ = {isa = PBXFileReference; lastKnownFileType = sourcecode.swift; path = ExchangeRateDetailViewControllerTests.swift; sourceTree = "<group>"; };
		ECA0B40846574AF0A14A5A10 /* XCTestCase+MemoryLeakTracking.swift */ = {isa = PBXFileReference; lastKnownFileType = sourcecode.swift; path = "XCTestCase+MemoryLeakTracking.swift"; sourceTree = "<group>"; };
		ECADFA09F48B1D7A2FA9A9E9 /* ExchangeRateListViewModel.swift */ = {isa = PBXFileReference; lastKnownFileType = sourcecode.swift; path = ExchangeRateListViewModel.swift; sourceTree = "<group>"; };
		EE7CDC4B8BF8AC08D7511B97 /* ExchangeRateListApi.swift */ = {isa = PBXFileReference; lastKnownFileType = sourcecode.swift; path = ExchangeRateListApi.swift; sourceTree = "<group>"; };
		F27252E4D8B4C41D0D5648B1 /* ExchangeRateListViewController.swift */ = {isa = PBXFileReference; lastKnownFileType = sourcecode.swift; path = ExchangeRateListViewController.swift; sourceTree = "<group>"; };
		F6870B656BF7907D53A59684 /* ExchangeRateDetailDIContainer.swift */ = {isa = PBXFileReference; lastKnownFileType = sourcecode.swift; path = ExchangeRateDetailDIContainer.swift; sourceTree = "<group>"; };
		F72216DA2E124354586EF51E /* CleanArchWithUIKitDemo.app */ = {isa = PBXFileReference; includeInIndex = 0; lastKnownFileType = wrapper.application; path = CleanArchWithUIKitDemo.app; sourceTree = BUILT_PRODUCTS_DIR; };
		FD160B17ACC669EEA5803DD9 /* ExchangeRateListCoordinatorTests.swift */ = {isa = PBXFileReference; lastKnownFileType = sourcecode.swift; path = ExchangeRateListCoordinatorTests.swift; sourceTree = "<group>"; };
/* End PBXFileReference section */

/* Begin PBXGroup section */
		03E25FD939FBAD6C149C9FF9 /* Entities */ = {
			isa = PBXGroup;
			children = (
				6A3520E503665029DA4A7BD3 /* ExchangeRateEntity.swift */,
			);
			path = Entities;
			sourceTree = "<group>";
		};
		1395B7A04D5B272B90BB5A3A /* Presentation */ = {
			isa = PBXGroup;
			children = (
				994DF322DFDFEB4DBDCFBD2B /* ExchangeRateDetail */,
				C84CEE18E1842E8CD6796F35 /* ExchangeRateList */,
			);
			path = Presentation;
			sourceTree = "<group>";
		};
		221CB5F74E817C23E35B5D70 /* CleanArchWithUIKitDemoTests */ = {
			isa = PBXGroup;
			children = (
				F99A689A69BBEE6BB2519319 /* Domain */,
				B6BEB15108144BB5A35AF4AF /* Helpers */,
				37A073B2F99174CDF797BD16 /* Infrastructure */,
				999611FC558585FF11C7F2E6 /* Presentation */,
			);
			path = CleanArchWithUIKitDemoTests;
			sourceTree = "<group>";
		};
		2479116700E950704EDA5600 /* Data */ = {
			isa = PBXGroup;
			children = (
				2912CE47A2EE0C2540AD21F8 /* Api */,
				FD46AF606AEB3270476848EE /* DataMappingDTOs */,
				CD1653558BDC2F638AC91D8B /* Repositories */,
			);
			path = Data;
			sourceTree = "<group>";
		};
		2760FC5ECB9C6EBEA7698A23 /* Domain */ = {
			isa = PBXGroup;
			children = (
				3BD93D747CBAD249CCC8C12A /* Interfaces */,
			);
			path = Domain;
			sourceTree = "<group>";
		};
		2912CE47A2EE0C2540AD21F8 /* Api */ = {
			isa = PBXGroup;
			children = (
				EE7CDC4B8BF8AC08D7511B97 /* ExchangeRateListApi.swift */,
			);
			path = Api;
			sourceTree = "<group>";
		};
		2CF0A826AA474FA156735BB5 /* ExchangeRateList */ = {
			isa = PBXGroup;
			children = (
				FD160B17ACC669EEA5803DD9 /* ExchangeRateListCoordinatorTests.swift */,
				C62434F995BA7532B42286F8 /* ExchangeRateListViewControllerTests.swift */,
				71623683E1199413A04CDEF0 /* ExchangeRateListViewModelTests.swift */,
			);
			path = ExchangeRateList;
			sourceTree = "<group>";
		};
		37A073B2F99174CDF797BD16 /* Infrastructure */ = {
			isa = PBXGroup;
			children = (
				C9652016DAB3376E94022004 /* Network */,
			);
			path = Infrastructure;
			sourceTree = "<group>";
		};
		3BD93D747CBAD249CCC8C12A /* Interfaces */ = {
			isa = PBXGroup;
			children = (
				8CF38F84216DBC5E99186BBE /* Repositories */,
			);
			path = Interfaces;
			sourceTree = "<group>";
		};
		3CB0E59C1A102ABB792F0B0B /* ExchangeRateDetail */ = {
			isa = PBXGroup;
			children = (
				9E013CB642D314C3044A724E /* ExchangeRateDetailCoordinatorTests.swift */,
				E142D1969B12EC63C98A99F3 /* ExchangeRateDetailViewControllerTests.swift */,
				957AB600D2CE9E4F781BFB46 /* ExchangeRateDetailViewModelTests.swift */,
			);
			path = ExchangeRateDetail;
			sourceTree = "<group>";
		};
		48F31570022CBBAF95872DC8 /* Domain */ = {
			isa = PBXGroup;
			children = (
				03E25FD939FBAD6C149C9FF9 /* Entities */,
				AE36C993CB58B547D3A20346 /* Interfaces */,
				C92B8A680E1315A5ADA6376A /* UseCases */,
			);
			path = Domain;
			sourceTree = "<group>";
		};
		4F1C6DAC037374C7AD2AEDD8 /* Coordinator */ = {
			isa = PBXGroup;
			children = (
				74E3E738A4B942E0771379B9 /* AppCoordinator.swift */,
				5C59FB065C56C9D737584A4B /* Coordinator.swift */,
				DD05BC59B4CDE5723BA274E1 /* ExchangeRateDetailCoordinator.swift */,
				4DE09DE9232382DFD108BF3F /* ExchangeRateListCoordinator.swift */,
			);
			path = Coordinator;
			sourceTree = "<group>";
		};
		5056BB9B7D9BE964EE116CC6 /* DIContainer */ = {
			isa = PBXGroup;
			children = (
				6AE5ADCD1138EDF8F696C3F1 /* AppDIContainer.swift */,
				F6870B656BF7907D53A59684 /* ExchangeRateDetailDIContainer.swift */,
				C1B4B7B279757C485EDA1D4A /* ExchangeRateListDIContainer.swift */,
			);
			path = DIContainer;
			sourceTree = "<group>";
		};
		55FED2A47D7DBC2BB93E249D /* Infrastructure */ = {
			isa = PBXGroup;
			children = (
				5DBAD8E7E3DF5A4F8DA2529E /* Network */,
			);
			path = Infrastructure;
			sourceTree = "<group>";
		};
		57E828B05FE267D632022F25 /* Products */ = {
			isa = PBXGroup;
			children = (
				F72216DA2E124354586EF51E /* CleanArchWithUIKitDemo.app */,
				4F4E27C0991054312891959F /* CleanArchWithUIKitDemoAPIEndToEndTests.xctest */,
				93BA51166B8F0727CFDB9541 /* CleanArchWithUIKitDemoTests.xctest */,
			);
			name = Products;
			sourceTree = "<group>";
		};
		5DBAD8E7E3DF5A4F8DA2529E /* Network */ = {
			isa = PBXGroup;
			children = (
				91CB000339FF729FA8902297 /* ApiConfig.swift */,
				03A2CF8286DD900067CDF9C4 /* AppError.swift */,
				D2669A258EA45F99D73A4A3C /* DataServiceLoader.swift */,
				C7A12C60B3A5B0B5B231EDE0 /* HTTPClient.swift */,
				D3C588145448A58E401415F2 /* RemoteDataLoader.swift */,
				1525E660360B300F88FEB9AA /* URLSessionHTTPClient.swift */,
			);
			path = Network;
			sourceTree = "<group>";
		};
		665846BB89CD8A341D7EB71E /* Repositories */ = {
			isa = PBXGroup;
			children = (
				99D7A78B293EA0BDED992FDD /* ExchangeRateListRepository.swift */,
			);
			path = Repositories;
			sourceTree = "<group>";
		};
		70E527C3989218ADEB279D0F /* Entities */ = {
			isa = PBXGroup;
			children = (
				2E830BAFEFC050496A59B788 /* ExchangeRateTests.swift */,
			);
			path = Entities;
			sourceTree = "<group>";
		};
		8230501567DB1E2B59D12D2B /* Resources */ = {
			isa = PBXGroup;
			children = (
				DC4B9F6315A8B7267BFDF7CF /* Assets.xcassets */,
				B0C8ECEA19DC2184FC7C569F /* Info.plist */,
				71CE5E7793D05666AF79BF79 /* LaunchScreen.storyboard */,
			);
			path = Resources;
			sourceTree = "<group>";
		};
		8CF38F84216DBC5E99186BBE /* Repositories */ = {
			isa = PBXGroup;
			children = (
				D167F7CFCB7817733D32132D /* ExchangeRateListAPIEndToEndTests.swift */,
			);
			path = Repositories;
			sourceTree = "<group>";
		};
		994DF322DFDFEB4DBDCFBD2B /* ExchangeRateDetail */ = {
			isa = PBXGroup;
			children = (
				20D48D504DAABA67EA47D8D9 /* ExchangeRateDetailViewController.swift */,
				72134A2642FB0FCD65B5D176 /* ExchangeRateDetailViewModel.swift */,
			);
			path = ExchangeRateDetail;
			sourceTree = "<group>";
		};
		999611FC558585FF11C7F2E6 /* Presentation */ = {
			isa = PBXGroup;
			children = (
				3CB0E59C1A102ABB792F0B0B /* ExchangeRateDetail */,
				2CF0A826AA474FA156735BB5 /* ExchangeRateList */,
			);
			path = Presentation;
			sourceTree = "<group>";
		};
		9BFE48B0DA0B09B29C1E4CCB /* Application */ = {
			isa = PBXGroup;
			children = (
				A74EB896AE2B6BEB9A905BFA /* AppDelegate.swift */,
				B0AA2FC9BDA1C8F1197DE7D8 /* SceneDelegate.swift */,
				4F1C6DAC037374C7AD2AEDD8 /* Coordinator */,
				5056BB9B7D9BE964EE116CC6 /* DIContainer */,
			);
			path = Application;
			sourceTree = "<group>";
		};
		AE36C993CB58B547D3A20346 /* Interfaces */ = {
			isa = PBXGroup;
			children = (
				665846BB89CD8A341D7EB71E /* Repositories */,
			);
			path = Interfaces;
			sourceTree = "<group>";
		};
		B63EDEED866A1A23DADE1FB1 = {
			isa = PBXGroup;
			children = (
				ED6A4143C0F5C6606630EB64 /* CleanArchWithUIKitDemo */,
				F358298F74198DABE7AC70CA /* CleanArchWithUIKitDemoAPIEndToEndTests */,
				221CB5F74E817C23E35B5D70 /* CleanArchWithUIKitDemoTests */,
				57E828B05FE267D632022F25 /* Products */,
			);
			sourceTree = "<group>";
		};
		B6BEB15108144BB5A35AF4AF /* Helpers */ = {
			isa = PBXGroup;
			children = (
				279806A4725B0215FA381A17 /* DummyDataServiceLoader.swift */,
				76FEC2B132170F5E1FA709C7 /* MockNavigationController.swift */,
				D8B79E516E095D0CE1E81BEF /* SharedTestHelpers.swift */,
				D6E7FCC9CF6DB0A3572F68AF /* UIViewController+Lifecycle.swift */,
				ECA0B40846574AF0A14A5A10 /* XCTestCase+MemoryLeakTracking.swift */,
			);
			path = Helpers;
			sourceTree = "<group>";
		};
		B9993CE4E72FF22EED357C6D /* Mocks */ = {
			isa = PBXGroup;
			children = (
				B70985BF2C6634F1C5F3FA92 /* ExchangeRateListMockRepository.swift */,
				D91CEDF4DF3D93B35F061669 /* MockEntity.swift */,
			);
			path = Mocks;
			sourceTree = "<group>";
		};
		C84CEE18E1842E8CD6796F35 /* ExchangeRateList */ = {
			isa = PBXGroup;
			children = (
				F27252E4D8B4C41D0D5648B1 /* ExchangeRateListViewController.swift */,
				ECADFA09F48B1D7A2FA9A9E9 /* ExchangeRateListViewModel.swift */,
			);
			path = ExchangeRateList;
			sourceTree = "<group>";
		};
		C92B8A680E1315A5ADA6376A /* UseCases */ = {
			isa = PBXGroup;
			children = (
				55EED36C5382979EEEAF4E5E /* ExchangeRateListUseCase.swift */,
			);
			path = UseCases;
			sourceTree = "<group>";
		};
		C9652016DAB3376E94022004 /* Network */ = {
			isa = PBXGroup;
			children = (
				5107DA060E111FE55AC5CABB /* RemoteDataLoaderTest.swift */,
				2ADD1A1C1A8D8EBA7FAD5AF2 /* URLSessionHTTPClientTests.swift */,
			);
			path = Network;
			sourceTree = "<group>";
		};
		CD1653558BDC2F638AC91D8B /* Repositories */ = {
			isa = PBXGroup;
			children = (
				83C33EDD9812C9E00F70A800 /* MainExchangeRateListRepository.swift */,
			);
			path = Repositories;
			sourceTree = "<group>";
		};
		D863B9898B39AA383844B75D /* UseCases */ = {
			isa = PBXGroup;
			children = (
				3E3364867B6D0088F377985E /* ExchangeRateListUseCaseTests.swift */,
			);
			path = UseCases;
			sourceTree = "<group>";
		};
		ED6A4143C0F5C6606630EB64 /* CleanArchWithUIKitDemo */ = {
			isa = PBXGroup;
			children = (
				9BFE48B0DA0B09B29C1E4CCB /* Application */,
				2479116700E950704EDA5600 /* Data */,
				48F31570022CBBAF95872DC8 /* Domain */,
				55FED2A47D7DBC2BB93E249D /* Infrastructure */,
				B9993CE4E72FF22EED357C6D /* Mocks */,
				1395B7A04D5B272B90BB5A3A /* Presentation */,
				8230501567DB1E2B59D12D2B /* Resources */,
			);
			path = CleanArchWithUIKitDemo;
			sourceTree = "<group>";
		};
		F358298F74198DABE7AC70CA /* CleanArchWithUIKitDemoAPIEndToEndTests */ = {
			isa = PBXGroup;
			children = (
				2760FC5ECB9C6EBEA7698A23 /* Domain */,
			);
			path = CleanArchWithUIKitDemoAPIEndToEndTests;
			sourceTree = "<group>";
		};
		F99A689A69BBEE6BB2519319 /* Domain */ = {
			isa = PBXGroup;
			children = (
				70E527C3989218ADEB279D0F /* Entities */,
				D863B9898B39AA383844B75D /* UseCases */,
			);
			path = Domain;
			sourceTree = "<group>";
		};
		FD46AF606AEB3270476848EE /* DataMappingDTOs */ = {
			isa = PBXGroup;
			children = (
				A8D29A1CEF64599E259EF8F7 /* ExchangeRateDTO+Mapping.swift */,
			);
			path = DataMappingDTOs;
			sourceTree = "<group>";
		};
/* End PBXGroup section */

/* Begin PBXNativeTarget section */
		2269389022BADEBE0016D8DF /* CleanArchWithUIKitDemo */ = {
			isa = PBXNativeTarget;
			buildConfigurationList = E4149AE90F107DA09D927076 /* Build configuration list for PBXNativeTarget "CleanArchWithUIKitDemo" */;
			buildPhases = (
				C8AAF4A23190F5F5DD1F282D /* Sources */,
				7E90B36D73E0C8459FB3AB61 /* Resources */,
			);
			buildRules = (
			);
			dependencies = (
			);
			name = CleanArchWithUIKitDemo;
			productName = CleanArchWithUIKitDemo;
			productReference = F72216DA2E124354586EF51E /* CleanArchWithUIKitDemo.app */;
			productType = "com.apple.product-type.application";
		};
		B4F328AA26CE56E48A54E105 /* CleanArchWithUIKitDemoAPIEndToEndTests */ = {
			isa = PBXNativeTarget;
			buildConfigurationList = E1BA383F4225FBC9D8635FAE /* Build configuration list for PBXNativeTarget "CleanArchWithUIKitDemoAPIEndToEndTests" */;
			buildPhases = (
				79E508D3876AA654C5161AB2 /* Sources */,
			);
			buildRules = (
			);
			dependencies = (
				08796D18E01892C65DE23C7D /* PBXTargetDependency */,
			);
			name = CleanArchWithUIKitDemoAPIEndToEndTests;
			productName = CleanArchWithUIKitDemoAPIEndToEndTests;
			productReference = 4F4E27C0991054312891959F /* CleanArchWithUIKitDemoAPIEndToEndTests.xctest */;
			productType = "com.apple.product-type.bundle.unit-test";
		};
		F0099955B6FCE070ABD9D192 /* CleanArchWithUIKitDemoTests */ = {
			isa = PBXNativeTarget;
			buildConfigurationList = 7A2C7BCEF46BE8096FB5535E /* Build configuration list for PBXNativeTarget "CleanArchWithUIKitDemoTests" */;
			buildPhases = (
				0504BCFA7F4993974257DDAD /* Sources */,
			);
			buildRules = (
			);
			dependencies = (
				B85A535988C7F27B49F2BB84 /* PBXTargetDependency */,
			);
			name = CleanArchWithUIKitDemoTests;
			productName = CleanArchWithUIKitDemoTests;
			productReference = 93BA51166B8F0727CFDB9541 /* CleanArchWithUIKitDemoTests.xctest */;
			productType = "com.apple.product-type.bundle.unit-test";
		};
/* End PBXNativeTarget section */

/* Begin PBXProject section */
		843B07F5064DEE44A19A403B /* Project object */ = {
			isa = PBXProject;
			attributes = {
				BuildIndependentTargetsInParallel = YES;
				LastUpgradeCheck = 1430;
				TargetAttributes = {
				};
			};
			buildConfigurationList = AFCE338EE842839776F528B7 /* Build configuration list for PBXProject "CleanArchWithUIKitDemo" */;
			compatibilityVersion = "Xcode 14.0";
			developmentRegion = en;
			hasScannedForEncodings = 0;
			knownRegions = (
				Base,
				en,
			);
			mainGroup = B63EDEED866A1A23DADE1FB1;
			projectDirPath = "";
			projectRoot = "";
			targets = (
				2269389022BADEBE0016D8DF /* CleanArchWithUIKitDemo */,
				B4F328AA26CE56E48A54E105 /* CleanArchWithUIKitDemoAPIEndToEndTests */,
				F0099955B6FCE070ABD9D192 /* CleanArchWithUIKitDemoTests */,
			);
		};
/* End PBXProject section */

/* Begin PBXResourcesBuildPhase section */
		7E90B36D73E0C8459FB3AB61 /* Resources */ = {
			isa = PBXResourcesBuildPhase;
			buildActionMask = 2147483647;
			files = (
				D2C307C5FCE587DDE8A010DE /* Assets.xcassets in Resources */,
				8B9157E4972623E7FAC41027 /* LaunchScreen.storyboard in Resources */,
			);
			runOnlyForDeploymentPostprocessing = 0;
		};
/* End PBXResourcesBuildPhase section */

/* Begin PBXSourcesBuildPhase section */
		0504BCFA7F4993974257DDAD /* Sources */ = {
			isa = PBXSourcesBuildPhase;
			buildActionMask = 2147483647;
			files = (
				0661D2D36C69672AA2745E53 /* DummyDataServiceLoader.swift in Sources */,
				5803BEB43350B8FD19AD745B /* ExchangeRateDetailCoordinatorTests.swift in Sources */,
				5F543FF01F8C448C69454FA0 /* ExchangeRateDetailViewControllerTests.swift in Sources */,
				BD74D9F0ECB406FC8C9E0226 /* ExchangeRateDetailViewModelTests.swift in Sources */,
				FD50311B4CAB171D75CCDF18 /* ExchangeRateListCoordinatorTests.swift in Sources */,
				2115B53ED05D833C09D66E1F /* ExchangeRateListUseCaseTests.swift in Sources */,
				AC79FDD62BFDC970E2135217 /* ExchangeRateListViewControllerTests.swift in Sources */,
				361F1F7760D276C7687ADDE1 /* ExchangeRateListViewModelTests.swift in Sources */,
				48ED46D5B0A9FE33DBBBC445 /* ExchangeRateTests.swift in Sources */,
				29177A1693CE678C399CAE81 /* MockNavigationController.swift in Sources */,
				6822B3AA5BC25E2318DE3EAE /* RemoteDataLoaderTest.swift in Sources */,
				0950120BF7C173755DABD5F2 /* SharedTestHelpers.swift in Sources */,
				FADBFC318DFD565BD8A9E964 /* UIViewController+Lifecycle.swift in Sources */,
				1FB60005EBEFBD5CFA0C98EE /* URLSessionHTTPClientTests.swift in Sources */,
				32ADD754BEB09139AE59D8A1 /* XCTestCase+MemoryLeakTracking.swift in Sources */,
			);
			runOnlyForDeploymentPostprocessing = 0;
		};
		79E508D3876AA654C5161AB2 /* Sources */ = {
			isa = PBXSourcesBuildPhase;
			buildActionMask = 2147483647;
			files = (
				89FE5AD78CFF89CC9C86CC90 /* ExchangeRateListAPIEndToEndTests.swift in Sources */,
			);
			runOnlyForDeploymentPostprocessing = 0;
		};
		C8AAF4A23190F5F5DD1F282D /* Sources */ = {
			isa = PBXSourcesBuildPhase;
			buildActionMask = 2147483647;
			files = (
				CF893DAC2BC45494AE96CAEA /* ApiConfig.swift in Sources */,
				4B88F300E0451CE1183BD15C /* AppCoordinator.swift in Sources */,
				C519B2202963F36B0EE5A863 /* AppDIContainer.swift in Sources */,
				E74AE78DF1CEF697DCF14378 /* AppDelegate.swift in Sources */,
				73B28D1A044D4555DBF2BF34 /* AppError.swift in Sources */,
				F07CF8AA90617AAFB3408D65 /* Coordinator.swift in Sources */,
				F94E48699001C8FE674763F0 /* DataServiceLoader.swift in Sources */,
				BE4AFE404A67B76651B29109 /* ExchangeRateDTO+Mapping.swift in Sources */,
				037D2641AD08F44A9BCEA378 /* ExchangeRateDetailCoordinator.swift in Sources */,
				F038E5206311EDD303F2C064 /* ExchangeRateDetailDIContainer.swift in Sources */,
				91FDD58E7AB3DF6745C447B8 /* ExchangeRateDetailViewController.swift in Sources */,
				21883DAEBC13401F0D0C3763 /* ExchangeRateDetailViewModel.swift in Sources */,
				518DD42AFB672D323296CDE3 /* ExchangeRateEntity.swift in Sources */,
				656B4DBBA5F6BB077901791E /* ExchangeRateListApi.swift in Sources */,
				6D3A1D74EB6A41C9C3D5A423 /* ExchangeRateListCoordinator.swift in Sources */,
				ECEAEAD45CC6B2AF5F8FC7EC /* ExchangeRateListDIContainer.swift in Sources */,
				B2033197A3EC1BB1D3BEFB95 /* ExchangeRateListMockRepository.swift in Sources */,
				E5A08047553028F2FE83AF94 /* ExchangeRateListRepository.swift in Sources */,
				12BD66BD47789D90B4BE0297 /* ExchangeRateListUseCase.swift in Sources */,
				EF484D4EB0D629811E230F1C /* ExchangeRateListViewController.swift in Sources */,
				B5290F3E38A34A3F93D355C0 /* ExchangeRateListViewModel.swift in Sources */,
				CF76714FE2DFDA29A6296040 /* HTTPClient.swift in Sources */,
				CF0E5AED8B85A6F657A494EB /* MainExchangeRateListRepository.swift in Sources */,
				E5DA4704E8E285E13FBB096E /* MockEntity.swift in Sources */,
				8D49D28DA1F95DB97CE489FB /* RemoteDataLoader.swift in Sources */,
				7F4ACF6FCF2264BF88E7FD15 /* SceneDelegate.swift in Sources */,
				60D8D489F5E294AD9B99CB0E /* URLSessionHTTPClient.swift in Sources */,
			);
			runOnlyForDeploymentPostprocessing = 0;
		};
/* End PBXSourcesBuildPhase section */

/* Begin PBXTargetDependency section */
		08796D18E01892C65DE23C7D /* PBXTargetDependency */ = {
			isa = PBXTargetDependency;
			target = 2269389022BADEBE0016D8DF /* CleanArchWithUIKitDemo */;
			targetProxy = 3FA29D280C251994C3240C83 /* PBXContainerItemProxy */;
		};
		B85A535988C7F27B49F2BB84 /* PBXTargetDependency */ = {
			isa = PBXTargetDependency;
			target = 2269389022BADEBE0016D8DF /* CleanArchWithUIKitDemo */;
			targetProxy = 3C68FE879CE93834B916E6F1 /* PBXContainerItemProxy */;
		};
/* End PBXTargetDependency section */

/* Begin PBXVariantGroup section */
		71CE5E7793D05666AF79BF79 /* LaunchScreen.storyboard */ = {
			isa = PBXVariantGroup;
			children = (
				69EBC17BA171E32DF6C6C73B /* Base */,
			);
			name = LaunchScreen.storyboard;
			sourceTree = "<group>";
		};
/* End PBXVariantGroup section */

/* Begin XCBuildConfiguration section */
		00A3A429B9AEC6A461C84A7C /* Debug */ = {
			isa = XCBuildConfiguration;
			buildSettings = {
				BUNDLE_LOADER = "$(TEST_HOST)";
				GENERATE_INFOPLIST_FILE = YES;
				LD_RUNPATH_SEARCH_PATHS = (
					"$(inherited)",
					"@executable_path/Frameworks",
					"@loader_path/Frameworks",
				);
				PRODUCT_BUNDLE_IDENTIFIER = com.jill.app.CleanArchWithUIKitDemoAPIEndToEndTests;
				SDKROOT = iphoneos;
				TARGETED_DEVICE_FAMILY = "1,2";
				TEST_HOST = "$(BUILT_PRODUCTS_DIR)/CleanArchWithUIKitDemo.app/CleanArchWithUIKitDemo";
			};
			name = Debug;
		};
		0CA85F9687D4D90EEFFAD7D0 /* Release */ = {
			isa = XCBuildConfiguration;
			buildSettings = {
				ASSETCATALOG_COMPILER_APPICON_NAME = AppIcon;
				CODE_SIGN_IDENTITY = "iPhone Developer";
				INFOPLIST_FILE = CleanArchWithUIKitDemo/Resources/Info.plist;
				LD_RUNPATH_SEARCH_PATHS = (
					"$(inherited)",
					"@executable_path/Frameworks",
				);
				PRODUCT_BUNDLE_IDENTIFIER = com.jill.app.CleanArchWithUIKitDemo;
				SDKROOT = iphoneos;
				TARGETED_DEVICE_FAMILY = "1,2";
			};
			name = Release;
		};
		1C57D5343594BAC4E1174578 /* Debug */ = {
			isa = XCBuildConfiguration;
			buildSettings = {
				ALWAYS_SEARCH_USER_PATHS = NO;
				ASSETCATALOG_COMPILER_GENERATE_SWIFT_ASSET_SYMBOL_EXTENSIONS = YES;
				CLANG_ANALYZER_NONNULL = YES;
				CLANG_ANALYZER_NUMBER_OBJECT_CONVERSION = YES_AGGRESSIVE;
				CLANG_CXX_LANGUAGE_STANDARD = "gnu++14";
				CLANG_CXX_LIBRARY = "libc++";
				CLANG_ENABLE_MODULES = YES;
				CLANG_ENABLE_OBJC_ARC = YES;
				CLANG_ENABLE_OBJC_WEAK = YES;
				CLANG_WARN_BLOCK_CAPTURE_AUTORELEASING = YES;
				CLANG_WARN_BOOL_CONVERSION = YES;
				CLANG_WARN_COMMA = YES;
				CLANG_WARN_CONSTANT_CONVERSION = YES;
				CLANG_WARN_DEPRECATED_OBJC_IMPLEMENTATIONS = YES;
				CLANG_WARN_DIRECT_OBJC_ISA_USAGE = YES_ERROR;
				CLANG_WARN_DOCUMENTATION_COMMENTS = YES;
				CLANG_WARN_EMPTY_BODY = YES;
				CLANG_WARN_ENUM_CONVERSION = YES;
				CLANG_WARN_INFINITE_RECURSION = YES;
				CLANG_WARN_INT_CONVERSION = YES;
				CLANG_WARN_NON_LITERAL_NULL_CONVERSION = YES;
				CLANG_WARN_OBJC_IMPLICIT_RETAIN_SELF = YES;
				CLANG_WARN_OBJC_LITERAL_CONVERSION = YES;
				CLANG_WARN_OBJC_ROOT_CLASS = YES_ERROR;
				CLANG_WARN_QUOTED_INCLUDE_IN_FRAMEWORK_HEADER = YES;
				CLANG_WARN_RANGE_LOOP_ANALYSIS = YES;
				CLANG_WARN_STRICT_PROTOTYPES = YES;
				CLANG_WARN_SUSPICIOUS_MOVE = YES;
				CLANG_WARN_UNGUARDED_AVAILABILITY = YES_AGGRESSIVE;
				CLANG_WARN_UNREACHABLE_CODE = YES;
				CLANG_WARN__DUPLICATE_METHOD_MATCH = YES;
				COPY_PHASE_STRIP = NO;
				DEBUG_INFORMATION_FORMAT = dwarf;
				ENABLE_STRICT_OBJC_MSGSEND = YES;
				ENABLE_TESTABILITY = YES;
				ENABLE_USER_SCRIPT_SANDBOXING = YES;
				GCC_C_LANGUAGE_STANDARD = gnu11;
				GCC_DYNAMIC_NO_PIC = NO;
				GCC_NO_COMMON_BLOCKS = YES;
				GCC_OPTIMIZATION_LEVEL = 0;
				GCC_PREPROCESSOR_DEFINITIONS = (
					"$(inherited)",
					"DEBUG=1",
				);
				GCC_WARN_64_TO_32_BIT_CONVERSION = YES;
				GCC_WARN_ABOUT_RETURN_TYPE = YES_ERROR;
				GCC_WARN_UNDECLARED_SELECTOR = YES;
				GCC_WARN_UNINITIALIZED_AUTOS = YES_AGGRESSIVE;
				GCC_WARN_UNUSED_FUNCTION = YES;
				GCC_WARN_UNUSED_VARIABLE = YES;
				IPHONEOS_DEPLOYMENT_TARGET = 17.0;
				MTL_ENABLE_DEBUG_INFO = INCLUDE_SOURCE;
				MTL_FAST_MATH = YES;
				ONLY_ACTIVE_ARCH = YES;
				PRODUCT_NAME = "$(TARGET_NAME)";
				SDKROOT = iphoneos;
				SWIFT_ACTIVE_COMPILATION_CONDITIONS = DEBUG;
				SWIFT_OPTIMIZATION_LEVEL = "-Onone";
				SWIFT_VERSION = 5.0;
			};
			name = Debug;
		};
		3B850F0903632FDF985FF060 /* Debug */ = {
			isa = XCBuildConfiguration;
			buildSettings = {
				BUNDLE_LOADER = "$(TEST_HOST)";
				GENERATE_INFOPLIST_FILE = YES;
				LD_RUNPATH_SEARCH_PATHS = (
					"$(inherited)",
					"@executable_path/Frameworks",
					"@loader_path/Frameworks",
				);
				PRODUCT_BUNDLE_IDENTIFIER = com.jill.app.CleanArchWithUIKitDemoTests;
				SDKROOT = iphoneos;
				TARGETED_DEVICE_FAMILY = "1,2";
				TEST_HOST = "$(BUILT_PRODUCTS_DIR)/CleanArchWithUIKitDemo.app/CleanArchWithUIKitDemo";
			};
			name = Debug;
		};
		3F7CE59AD67A5A137B104B57 /* Release */ = {
			isa = XCBuildConfiguration;
			buildSettings = {
				ALWAYS_SEARCH_USER_PATHS = NO;
				ASSETCATALOG_COMPILER_GENERATE_SWIFT_ASSET_SYMBOL_EXTENSIONS = YES;
				CLANG_ANALYZER_NONNULL = YES;
				CLANG_ANALYZER_NUMBER_OBJECT_CONVERSION = YES_AGGRESSIVE;
				CLANG_CXX_LANGUAGE_STANDARD = "gnu++14";
				CLANG_CXX_LIBRARY = "libc++";
				CLANG_ENABLE_MODULES = YES;
				CLANG_ENABLE_OBJC_ARC = YES;
				CLANG_ENABLE_OBJC_WEAK = YES;
				CLANG_WARN_BLOCK_CAPTURE_AUTORELEASING = YES;
				CLANG_WARN_BOOL_CONVERSION = YES;
				CLANG_WARN_COMMA = YES;
				CLANG_WARN_CONSTANT_CONVERSION = YES;
				CLANG_WARN_DEPRECATED_OBJC_IMPLEMENTATIONS = YES;
				CLANG_WARN_DIRECT_OBJC_ISA_USAGE = YES_ERROR;
				CLANG_WARN_DOCUMENTATION_COMMENTS = YES;
				CLANG_WARN_EMPTY_BODY = YES;
				CLANG_WARN_ENUM_CONVERSION = YES;
				CLANG_WARN_INFINITE_RECURSION = YES;
				CLANG_WARN_INT_CONVERSION = YES;
				CLANG_WARN_NON_LITERAL_NULL_CONVERSION = YES;
				CLANG_WARN_OBJC_IMPLICIT_RETAIN_SELF = YES;
				CLANG_WARN_OBJC_LITERAL_CONVERSION = YES;
				CLANG_WARN_OBJC_ROOT_CLASS = YES_ERROR;
				CLANG_WARN_QUOTED_INCLUDE_IN_FRAMEWORK_HEADER = YES;
				CLANG_WARN_RANGE_LOOP_ANALYSIS = YES;
				CLANG_WARN_STRICT_PROTOTYPES = YES;
				CLANG_WARN_SUSPICIOUS_MOVE = YES;
				CLANG_WARN_UNGUARDED_AVAILABILITY = YES_AGGRESSIVE;
				CLANG_WARN_UNREACHABLE_CODE = YES;
				CLANG_WARN__DUPLICATE_METHOD_MATCH = YES;
				COPY_PHASE_STRIP = NO;
				DEBUG_INFORMATION_FORMAT = "dwarf-with-dsym";
				ENABLE_NS_ASSERTIONS = NO;
				ENABLE_STRICT_OBJC_MSGSEND = YES;
				ENABLE_USER_SCRIPT_SANDBOXING = YES;
				GCC_C_LANGUAGE_STANDARD = gnu11;
				GCC_NO_COMMON_BLOCKS = YES;
				GCC_WARN_64_TO_32_BIT_CONVERSION = YES;
				GCC_WARN_ABOUT_RETURN_TYPE = YES_ERROR;
				GCC_WARN_UNDECLARED_SELECTOR = YES;
				GCC_WARN_UNINITIALIZED_AUTOS = YES_AGGRESSIVE;
				GCC_WARN_UNUSED_FUNCTION = YES;
				GCC_WARN_UNUSED_VARIABLE = YES;
				IPHONEOS_DEPLOYMENT_TARGET = 17.0;
				MTL_ENABLE_DEBUG_INFO = NO;
				MTL_FAST_MATH = YES;
				PRODUCT_NAME = "$(TARGET_NAME)";
				SDKROOT = iphoneos;
				SWIFT_COMPILATION_MODE = wholemodule;
				SWIFT_OPTIMIZATION_LEVEL = "-O";
				SWIFT_VERSION = 5.0;
			};
			name = Release;
		};
		588B24150BDA2ED0FE8C2BAE /* Release */ = {
			isa = XCBuildConfiguration;
			buildSettings = {
				BUNDLE_LOADER = "$(TEST_HOST)";
				GENERATE_INFOPLIST_FILE = YES;
				LD_RUNPATH_SEARCH_PATHS = (
					"$(inherited)",
					"@executable_path/Frameworks",
					"@loader_path/Frameworks",
				);
				PRODUCT_BUNDLE_IDENTIFIER = com.jill.app.CleanArchWithUIKitDemoAPIEndToEndTests;
				SDKROOT = iphoneos;
				TARGETED_DEVICE_FAMILY = "1,2";
				TEST_HOST = "$(BUILT_PRODUCTS_DIR)/CleanArchWithUIKitDemo.app/CleanArchWithUIKitDemo";
			};
			name = Release;
		};
		9BC5AF14F9F7A591887C21A4 /* Debug */ = {
			isa = XCBuildConfiguration;
			buildSettings = {
				ASSETCATALOG_COMPILER_APPICON_NAME = AppIcon;
				CODE_SIGN_IDENTITY = "iPhone Developer";
				INFOPLIST_FILE = CleanArchWithUIKitDemo/Resources/Info.plist;
				LD_RUNPATH_SEARCH_PATHS = (
					"$(inherited)",
					"@executable_path/Frameworks",
				);
				PRODUCT_BUNDLE_IDENTIFIER = com.jill.app.CleanArchWithUIKitDemo;
				SDKROOT = iphoneos;
				TARGETED_DEVICE_FAMILY = "1,2";
			};
			name = Debug;
		};
		EDA59AC001486DA7908734CB /* Release */ = {
			isa = XCBuildConfiguration;
			buildSettings = {
				BUNDLE_LOADER = "$(TEST_HOST)";
				GENERATE_INFOPLIST_FILE = YES;
				LD_RUNPATH_SEARCH_PATHS = (
					"$(inherited)",
					"@executable_path/Frameworks",
					"@loader_path/Frameworks",
				);
				PRODUCT_BUNDLE_IDENTIFIER = com.jill.app.CleanArchWithUIKitDemoTests;
				SDKROOT = iphoneos;
				TARGETED_DEVICE_FAMILY = "1,2";
				TEST_HOST = "$(BUILT_PRODUCTS_DIR)/CleanArchWithUIKitDemo.app/CleanArchWithUIKitDemo";
			};
			name = Release;
		};
/* End XCBuildConfiguration section */

/* Begin XCConfigurationList section */
		7A2C7BCEF46BE8096FB5535E /* Build configuration list for PBXNativeTarget "CleanArchWithUIKitDemoTests" */ = {
			isa = XCConfigurationList;
			buildConfigurations = (
				3B850F0903632FDF985FF060 /* Debug */,
				EDA59AC001486DA7908734CB /* Release */,
			);
			defaultConfigurationIsVisible = 0;
			defaultConfigurationName = Debug;
		};
		AFCE338EE842839776F528B7 /* Build configuration list for PBXProject "CleanArchWithUIKitDemo" */ = {
			isa = XCConfigurationList;
			buildConfigurations = (
				1C57D5343594BAC4E1174578 /* Debug */,
				3F7CE59AD67A5A137B104B57 /* Release */,
			);
			defaultConfigurationIsVisible = 0;
			defaultConfigurationName = Debug;
		};
		E1BA383F4225FBC9D8635FAE /* Build configuration list for PBXNativeTarget "CleanArchWithUIKitDemoAPIEndToEndTests" */ = {
			isa = XCConfigurationList;
			buildConfigurations = (
				00A3A429B9AEC6A461C84A7C /* Debug */,
				588B24150BDA2ED0FE8C2BAE /* Release */,
			);
			defaultConfigurationIsVisible = 0;
			defaultConfigurationName = Debug;
		};
		E4149AE90F107DA09D927076 /* Build configuration list for PBXNativeTarget "CleanArchWithUIKitDemo" */ = {
			isa = XCConfigurationList;
			buildConfigurations = (
				9BC5AF14F9F7A591887C21A4 /* Debug */,
				0CA85F9687D4D90EEFFAD7D0 /* Release */,
			);
			defaultConfigurationIsVisible = 0;
			defaultConfigurationName = Debug;
		};
/* End XCConfigurationList section */
	};
	rootObject = 843B07F5064DEE44A19A403B /* Project object */;
}
