// !$*UTF8*$!
{
	archiveVersion = 1;
	classes = {
	};
	objectVersion = 54;
	objects = {

/* Begin PBXBuildFile section */
		01477029A3E7640E4BCD971A /* ViewController.swift in Sources */ = {isa = PBXBuildFile; fileRef = E14C4FE8C651C82B457F6955 /* ViewController.swift */; };
		0950120BF7C173755DABD5F2 /* SharedTestHelpers.swift in Sources */ = {isa = PBXBuildFile; fileRef = D8B79E516E095D0CE1E81BEF /* SharedTestHelpers.swift */; };
		12BD66BD47789D90B4BE0297 /* ExchangeRateListUseCase.swift in Sources */ = {isa = PBXBuildFile; fileRef = 55EED36C5382979EEEAF4E5E /* ExchangeRateListUseCase.swift */; };
		1FB60005EBEFBD5CFA0C98EE /* URLSessionHTTPClientTests.swift in Sources */ = {isa = PBXBuildFile; fileRef = 2ADD1A1C1A8D8EBA7FAD5AF2 /* URLSessionHTTPClientTests.swift */; };
		2115B53ED05D833C09D66E1F /* ExchangeRateListUseCaseTests.swift in Sources */ = {isa = PBXBuildFile; fileRef = 3E3364867B6D0088F377985E /* ExchangeRateListUseCaseTests.swift */; };
		2CAA50840C408DA140BB2058 /* Main.storyboard in Resources */ = {isa = PBXBuildFile; fileRef = 9B814066CE1BB97965546D7D /* Main.storyboard */; };
		48ED46D5B0A9FE33DBBBC445 /* ExchangeRateTests.swift in Sources */ = {isa = PBXBuildFile; fileRef = 2E830BAFEFC050496A59B788 /* ExchangeRateTests.swift */; };
		518DD42AFB672D323296CDE3 /* ExchangeRateEntity.swift in Sources */ = {isa = PBXBuildFile; fileRef = 6A3520E503665029DA4A7BD3 /* ExchangeRateEntity.swift */; };
		60D8D489F5E294AD9B99CB0E /* URLSessionHTTPClient.swift in Sources */ = {isa = PBXBuildFile; fileRef = 1525E660360B300F88FEB9AA /* URLSessionHTTPClient.swift */; };
		656B4DBBA5F6BB077901791E /* ExchangeRateListApi.swift in Sources */ = {isa = PBXBuildFile; fileRef = EE7CDC4B8BF8AC08D7511B97 /* ExchangeRateListApi.swift */; };
		6822B3AA5BC25E2318DE3EAE /* RemoteDataLoaderTest.swift in Sources */ = {isa = PBXBuildFile; fileRef = 5107DA060E111FE55AC5CABB /* RemoteDataLoaderTest.swift */; };
		73B28D1A044D4555DBF2BF34 /* AppError.swift in Sources */ = {isa = PBXBuildFile; fileRef = 03A2CF8286DD900067CDF9C4 /* AppError.swift */; };
		7F4ACF6FCF2264BF88E7FD15 /* SceneDelegate.swift in Sources */ = {isa = PBXBuildFile; fileRef = B0AA2FC9BDA1C8F1197DE7D8 /* SceneDelegate.swift */; };
		89FE5AD78CFF89CC9C86CC90 /* ExchangeRateListAPIEndToEndTests.swift in Sources */ = {isa = PBXBuildFile; fileRef = D167F7CFCB7817733D32132D /* ExchangeRateListAPIEndToEndTests.swift */; };
		8B9157E4972623E7FAC41027 /* LaunchScreen.storyboard in Resources */ = {isa = PBXBuildFile; fileRef = 71CE5E7793D05666AF79BF79 /* LaunchScreen.storyboard */; };
		8D49D28DA1F95DB97CE489FB /* RemoteDataLoader.swift in Sources */ = {isa = PBXBuildFile; fileRef = D3C588145448A58E401415F2 /* RemoteDataLoader.swift */; };
		BE4AFE404A67B76651B29109 /* ExchangeRateDTO+Mapping.swift in Sources */ = {isa = PBXBuildFile; fileRef = A8D29A1CEF64599E259EF8F7 /* ExchangeRateDTO+Mapping.swift */; };
		CF0E5AED8B85A6F657A494EB /* MainExchangeRateListRepository.swift in Sources */ = {isa = PBXBuildFile; fileRef = 83C33EDD9812C9E00F70A800 /* MainExchangeRateListRepository.swift */; };
		CF76714FE2DFDA29A6296040 /* HTTPClient.swift in Sources */ = {isa = PBXBuildFile; fileRef = C7A12C60B3A5B0B5B231EDE0 /* HTTPClient.swift */; };
		CF893DAC2BC45494AE96CAEA /* ApiConfig.swift in Sources */ = {isa = PBXBuildFile; fileRef = 91CB000339FF729FA8902297 /* ApiConfig.swift */; };
		D2C307C5FCE587DDE8A010DE /* Assets.xcassets in Resources */ = {isa = PBXBuildFile; fileRef = DC4B9F6315A8B7267BFDF7CF /* Assets.xcassets */; };
		E5A08047553028F2FE83AF94 /* ExchangeRateListRepository.swift in Sources */ = {isa = PBXBuildFile; fileRef = 99D7A78B293EA0BDED992FDD /* ExchangeRateListRepository.swift */; };
		E74AE78DF1CEF697DCF14378 /* AppDelegate.swift in Sources */ = {isa = PBXBuildFile; fileRef = A74EB896AE2B6BEB9A905BFA /* AppDelegate.swift */; };
		F94E48699001C8FE674763F0 /* DataServiceLoader.swift in Sources */ = {isa = PBXBuildFile; fileRef = D2669A258EA45F99D73A4A3C /* DataServiceLoader.swift */; };
/* End PBXBuildFile section */

/* Begin PBXContainerItemProxy section */
		3C68FE879CE93834B916E6F1 /* PBXContainerItemProxy */ = {
			isa = PBXContainerItemProxy;
			containerPortal = 843B07F5064DEE44A19A403B /* Project object */;
			proxyType = 1;
			remoteGlobalIDString = 2269389022BADEBE0016D8DF;
			remoteInfo = CleanArchWithUIKitDemo;
		};
		3FA29D280C251994C3240C83 /* PBXContainerItemProxy */ = {
			isa = PBXContainerItemProxy;
			containerPortal = 843B07F5064DEE44A19A403B /* Project object */;
			proxyType = 1;
			remoteGlobalIDString = 2269389022BADEBE0016D8DF;
			remoteInfo = CleanArchWithUIKitDemo;
		};
/* End PBXContainerItemProxy section */

/* Begin PBXFileReference section */
		03A2CF8286DD900067CDF9C4 /* AppError.swift */ = {isa = PBXFileReference; lastKnownFileType = sourcecode.swift; path = AppError.swift; sourceTree = "<group>"; };
		1525E660360B300F88FEB9AA /* URLSessionHTTPClient.swift */ = {isa = PBXFileReference; lastKnownFileType = sourcecode.swift; path = URLSessionHTTPClient.swift; sourceTree = "<group>"; };
		2ADD1A1C1A8D8EBA7FAD5AF2 /* URLSessionHTTPClientTests.swift */ = {isa = PBXFileReference; lastKnownFileType = sourcecode.swift; path = URLSessionHTTPClientTests.swift; sourceTree = "<group>"; };
		2E830BAFEFC050496A59B788 /* ExchangeRateTests.swift */ = {isa = PBXFileReference; lastKnownFileType = sourcecode.swift; path = ExchangeRateTests.swift; sourceTree = "<group>"; };
		3E3364867B6D0088F377985E /* ExchangeRateListUseCaseTests.swift */ = {isa = PBXFileReference; lastKnownFileType = sourcecode.swift; path = ExchangeRateListUseCaseTests.swift; sourceTree = "<group>"; };
		4F4E27C0991054312891959F /* CleanArchWithUIKitDemoAPIEndToEndTests.xctest */ = {isa = PBXFileReference; includeInIndex = 0; lastKnownFileType = wrapper.cfbundle; path = CleanArchWithUIKitDemoAPIEndToEndTests.xctest; sourceTree = BUILT_PRODUCTS_DIR; };
		5107DA060E111FE55AC5CABB /* RemoteDataLoaderTest.swift */ = {isa = PBXFileReference; lastKnownFileType = sourcecode.swift; path = RemoteDataLoaderTest.swift; sourceTree = "<group>"; };
		55EED36C5382979EEEAF4E5E /* ExchangeRateListUseCase.swift */ = {isa = PBXFileReference; lastKnownFileType = sourcecode.swift; path = ExchangeRateListUseCase.swift; sourceTree = "<group>"; };
		69EBC17BA171E32DF6C6C73B /* Base */ = {isa = PBXFileReference; lastKnownFileType = file.storyboard; name = Base; path = Base.lproj/LaunchScreen.storyboard; sourceTree = "<group>"; };
		6A3520E503665029DA4A7BD3 /* ExchangeRateEntity.swift */ = {isa = PBXFileReference; lastKnownFileType = sourcecode.swift; path = ExchangeRateEntity.swift; sourceTree = "<group>"; };
		76507DBAB23374424B06B411 /* Base */ = {isa = PBXFileReference; lastKnownFileType = file.storyboard; name = Base; path = Base.lproj/Main.storyboard; sourceTree = "<group>"; };
		83C33EDD9812C9E00F70A800 /* MainExchangeRateListRepository.swift */ = {isa = PBXFileReference; lastKnownFileType = sourcecode.swift; path = MainExchangeRateListRepository.swift; sourceTree = "<group>"; };
		91CB000339FF729FA8902297 /* ApiConfig.swift */ = {isa = PBXFileReference; lastKnownFileType = sourcecode.swift; path = ApiConfig.swift; sourceTree = "<group>"; };
		93BA51166B8F0727CFDB9541 /* CleanArchWithUIKitDemoTests.xctest */ = {isa = PBXFileReference; includeInIndex = 0; lastKnownFileType = wrapper.cfbundle; path = CleanArchWithUIKitDemoTests.xctest; sourceTree = BUILT_PRODUCTS_DIR; };
		99D7A78B293EA0BDED992FDD /* ExchangeRateListRepository.swift */ = {isa = PBXFileReference; lastKnownFileType = sourcecode.swift; path = ExchangeRateListRepository.swift; sourceTree = "<group>"; };
		A74EB896AE2B6BEB9A905BFA /* AppDelegate.swift */ = {isa = PBXFileReference; lastKnownFileType = sourcecode.swift; path = AppDelegate.swift; sourceTree = "<group>"; };
		A8D29A1CEF64599E259EF8F7 /* ExchangeRateDTO+Mapping.swift */ = {isa = PBXFileReference; lastKnownFileType = sourcecode.swift; path = "ExchangeRateDTO+Mapping.swift"; sourceTree = "<group>"; };
		B0AA2FC9BDA1C8F1197DE7D8 /* SceneDelegate.swift */ = {isa = PBXFileReference; lastKnownFileType = sourcecode.swift; path = SceneDelegate.swift; sourceTree = "<group>"; };
		B0C8ECEA19DC2184FC7C569F /* Info.plist */ = {isa = PBXFileReference; lastKnownFileType = text.plist; path = Info.plist; sourceTree = "<group>"; };
		C7A12C60B3A5B0B5B231EDE0 /* HTTPClient.swift */ = {isa = PBXFileReference; lastKnownFileType = sourcecode.swift; path = HTTPClient.swift; sourceTree = "<group>"; };
		D167F7CFCB7817733D32132D /* ExchangeRateListAPIEndToEndTests.swift */ = {isa = PBXFileReference; lastKnownFileType = sourcecode.swift; path = ExchangeRateListAPIEndToEndTests.swift; sourceTree = "<group>"; };
		D2669A258EA45F99D73A4A3C /* DataServiceLoader.swift */ = {isa = PBXFileReference; lastKnownFileType = sourcecode.swift; path = DataServiceLoader.swift; sourceTree = "<group>"; };
		D3C588145448A58E401415F2 /* RemoteDataLoader.swift */ = {isa = PBXFileReference; lastKnownFileType = sourcecode.swift; path = RemoteDataLoader.swift; sourceTree = "<group>"; };
		D8B79E516E095D0CE1E81BEF /* SharedTestHelpers.swift */ = {isa = PBXFileReference; lastKnownFileType = sourcecode.swift; path = SharedTestHelpers.swift; sourceTree = "<group>"; };
		DC4B9F6315A8B7267BFDF7CF /* Assets.xcassets */ = {isa = PBXFileReference; lastKnownFileType = folder.assetcatalog; path = Assets.xcassets; sourceTree = "<group>"; };
		E14C4FE8C651C82B457F6955 /* ViewController.swift */ = {isa = PBXFileReference; lastKnownFileType = sourcecode.swift; path = ViewController.swift; sourceTree = "<group>"; };
		EE7CDC4B8BF8AC08D7511B97 /* ExchangeRateListApi.swift */ = {isa = PBXFileReference; lastKnownFileType = sourcecode.swift; path = ExchangeRateListApi.swift; sourceTree = "<group>"; };
		F72216DA2E124354586EF51E /* CleanArchWithUIKitDemo.app */ = {isa = PBXFileReference; includeInIndex = 0; lastKnownFileType = wrapper.application; path = CleanArchWithUIKitDemo.app; sourceTree = BUILT_PRODUCTS_DIR; };
/* End PBXFileReference section */

/* Begin PBXGroup section */
		03E25FD939FBAD6C149C9FF9 /* Entities */ = {
			isa = PBXGroup;
			children = (
				6A3520E503665029DA4A7BD3 /* ExchangeRateEntity.swift */,
			);
			path = Entities;
			sourceTree = "<group>";
		};
		1395B7A04D5B272B90BB5A3A /* Presentation */ = {
			isa = PBXGroup;
			children = (
				9B814066CE1BB97965546D7D /* Main.storyboard */,
				E14C4FE8C651C82B457F6955 /* ViewController.swift */,
			);
			path = Presentation;
			sourceTree = "<group>";
		};
		221CB5F74E817C23E35B5D70 /* CleanArchWithUIKitDemoTests */ = {
			isa = PBXGroup;
			children = (
				F99A689A69BBEE6BB2519319 /* Domain */,
				B6BEB15108144BB5A35AF4AF /* Helpers */,
				37A073B2F99174CDF797BD16 /* Infrastructure */,
			);
			path = CleanArchWithUIKitDemoTests;
			sourceTree = "<group>";
		};
		2479116700E950704EDA5600 /* Data */ = {
			isa = PBXGroup;
			children = (
				2912CE47A2EE0C2540AD21F8 /* Api */,
				FD46AF606AEB3270476848EE /* DataMappingDTOs */,
				CD1653558BDC2F638AC91D8B /* Repositories */,
			);
			path = Data;
			sourceTree = "<group>";
		};
		2760FC5ECB9C6EBEA7698A23 /* Domain */ = {
			isa = PBXGroup;
			children = (
				3BD93D747CBAD249CCC8C12A /* Interfaces */,
			);
			path = Domain;
			sourceTree = "<group>";
		};
		2912CE47A2EE0C2540AD21F8 /* Api */ = {
			isa = PBXGroup;
			children = (
				EE7CDC4B8BF8AC08D7511B97 /* ExchangeRateListApi.swift */,
			);
			path = Api;
			sourceTree = "<group>";
		};
		37A073B2F99174CDF797BD16 /* Infrastructure */ = {
			isa = PBXGroup;
			children = (
				C9652016DAB3376E94022004 /* Network */,
			);
			path = Infrastructure;
			sourceTree = "<group>";
		};
		3BD93D747CBAD249CCC8C12A /* Interfaces */ = {
			isa = PBXGroup;
			children = (
				8CF38F84216DBC5E99186BBE /* Repositories */,
			);
			path = Interfaces;
			sourceTree = "<group>";
		};
		48F31570022CBBAF95872DC8 /* Domain */ = {
			isa = PBXGroup;
			children = (
				03E25FD939FBAD6C149C9FF9 /* Entities */,
				AE36C993CB58B547D3A20346 /* Interfaces */,
				C92B8A680E1315A5ADA6376A /* UseCases */,
			);
			path = Domain;
			sourceTree = "<group>";
		};
		55FED2A47D7DBC2BB93E249D /* Infrastructure */ = {
			isa = PBXGroup;
			children = (
				5DBAD8E7E3DF5A4F8DA2529E /* Network */,
			);
			path = Infrastructure;
			sourceTree = "<group>";
		};
		57E828B05FE267D632022F25 /* Products */ = {
			isa = PBXGroup;
			children = (
				F72216DA2E124354586EF51E /* CleanArchWithUIKitDemo.app */,
				4F4E27C0991054312891959F /* CleanArchWithUIKitDemoAPIEndToEndTests.xctest */,
				93BA51166B8F0727CFDB9541 /* CleanArchWithUIKitDemoTests.xctest */,
			);
			name = Products;
			sourceTree = "<group>";
		};
		5DBAD8E7E3DF5A4F8DA2529E /* Network */ = {
			isa = PBXGroup;
			children = (
				91CB000339FF729FA8902297 /* ApiConfig.swift */,
				03A2CF8286DD900067CDF9C4 /* AppError.swift */,
				D2669A258EA45F99D73A4A3C /* DataServiceLoader.swift */,
				C7A12C60B3A5B0B5B231EDE0 /* HTTPClient.swift */,
				D3C588145448A58E401415F2 /* RemoteDataLoader.swift */,
				1525E660360B300F88FEB9AA /* URLSessionHTTPClient.swift */,
			);
			path = Network;
			sourceTree = "<group>";
		};
		665846BB89CD8A341D7EB71E /* Repositories */ = {
			isa = PBXGroup;
			children = (
				99D7A78B293EA0BDED992FDD /* ExchangeRateListRepository.swift */,
			);
			path = Repositories;
			sourceTree = "<group>";
		};
		70E527C3989218ADEB279D0F /* Entities */ = {
			isa = PBXGroup;
			children = (
				2E830BAFEFC050496A59B788 /* ExchangeRateTests.swift */,
			);
			path = Entities;
			sourceTree = "<group>";
		};
		8230501567DB1E2B59D12D2B /* Resources */ = {
			isa = PBXGroup;
			children = (
				DC4B9F6315A8B7267BFDF7CF /* Assets.xcassets */,
				B0C8ECEA19DC2184FC7C569F /* Info.plist */,
				71CE5E7793D05666AF79BF79 /* LaunchScreen.storyboard */,
			);
			path = Resources;
			sourceTree = "<group>";
		};
		8CF38F84216DBC5E99186BBE /* Repositories */ = {
			isa = PBXGroup;
			children = (
				D167F7CFCB7817733D32132D /* ExchangeRateListAPIEndToEndTests.swift */,
			);
			path = Repositories;
			sourceTree = "<group>";
		};
		9BFE48B0DA0B09B29C1E4CCB /* Application */ = {
			isa = PBXGroup;
			children = (
				A74EB896AE2B6BEB9A905BFA /* AppDelegate.swift */,
				B0AA2FC9BDA1C8F1197DE7D8 /* SceneDelegate.swift */,
			);
			path = Application;
			sourceTree = "<group>";
		};
		AE36C993CB58B547D3A20346 /* Interfaces */ = {
			isa = PBXGroup;
			children = (
				665846BB89CD8A341D7EB71E /* Repositories */,
			);
			path = Interfaces;
			sourceTree = "<group>";
		};
		B63EDEED866A1A23DADE1FB1 = {
			isa = PBXGroup;
			children = (
				ED6A4143C0F5C6606630EB64 /* CleanArchWithUIKitDemo */,
				F358298F74198DABE7AC70CA /* CleanArchWithUIKitDemoAPIEndToEndTests */,
				221CB5F74E817C23E35B5D70 /* CleanArchWithUIKitDemoTests */,
				57E828B05FE267D632022F25 /* Products */,
			);
			sourceTree = "<group>";
		};
		B6BEB15108144BB5A35AF4AF /* Helpers */ = {
			isa = PBXGroup;
			children = (
				D8B79E516E095D0CE1E81BEF /* SharedTestHelpers.swift */,
			);
			path = Helpers;
			sourceTree = "<group>";
		};
		C92B8A680E1315A5ADA6376A /* UseCases */ = {
			isa = PBXGroup;
			children = (
				55EED36C5382979EEEAF4E5E /* ExchangeRateListUseCase.swift */,
			);
			path = UseCases;
			sourceTree = "<group>";
		};
		C9652016DAB3376E94022004 /* Network */ = {
			isa = PBXGroup;
			children = (
				5107DA060E111FE55AC5CABB /* RemoteDataLoaderTest.swift */,
				2ADD1A1C1A8D8EBA7FAD5AF2 /* URLSessionHTTPClientTests.swift */,
			);
			path = Network;
			sourceTree = "<group>";
		};
		CD1653558BDC2F638AC91D8B /* Repositories */ = {
			isa = PBXGroup;
			children = (
				83C33EDD9812C9E00F70A800 /* MainExchangeRateListRepository.swift */,
			);
			path = Repositories;
			sourceTree = "<group>";
		};
		D863B9898B39AA383844B75D /* UseCases */ = {
			isa = PBXGroup;
			children = (
				3E3364867B6D0088F377985E /* ExchangeRateListUseCaseTests.swift */,
			);
			path = UseCases;
			sourceTree = "<group>";
		};
		ED6A4143C0F5C6606630EB64 /* CleanArchWithUIKitDemo */ = {
			isa = PBXGroup;
			children = (
				9BFE48B0DA0B09B29C1E4CCB /* Application */,
				2479116700E950704EDA5600 /* Data */,
				48F31570022CBBAF95872DC8 /* Domain */,
				55FED2A47D7DBC2BB93E249D /* Infrastructure */,
				1395B7A04D5B272B90BB5A3A /* Presentation */,
				8230501567DB1E2B59D12D2B /* Resources */,
			);
			path = CleanArchWithUIKitDemo;
			sourceTree = "<group>";
		};
		F358298F74198DABE7AC70CA /* CleanArchWithUIKitDemoAPIEndToEndTests */ = {
			isa = PBXGroup;
			children = (
				2760FC5ECB9C6EBEA7698A23 /* Domain */,
			);
			path = CleanArchWithUIKitDemoAPIEndToEndTests;
			sourceTree = "<group>";
		};
		F99A689A69BBEE6BB2519319 /* Domain */ = {
			isa = PBXGroup;
			children = (
				70E527C3989218ADEB279D0F /* Entities */,
				D863B9898B39AA383844B75D /* UseCases */,
			);
			path = Domain;
			sourceTree = "<group>";
		};
		FD46AF606AEB3270476848EE /* DataMappingDTOs */ = {
			isa = PBXGroup;
			children = (
				A8D29A1CEF64599E259EF8F7 /* ExchangeRateDTO+Mapping.swift */,
			);
			path = DataMappingDTOs;
			sourceTree = "<group>";
		};
/* End PBXGroup section */

/* Begin PBXNativeTarget section */
		2269389022BADEBE0016D8DF /* CleanArchWithUIKitDemo */ = {
			isa = PBXNativeTarget;
			buildConfigurationList = E4149AE90F107DA09D927076 /* Build configuration list for PBXNativeTarget "CleanArchWithUIKitDemo" */;
			buildPhases = (
				C8AAF4A23190F5F5DD1F282D /* Sources */,
				7E90B36D73E0C8459FB3AB61 /* Resources */,
			);
			buildRules = (
			);
			dependencies = (
			);
			name = CleanArchWithUIKitDemo;
			productName = CleanArchWithUIKitDemo;
			productReference = F72216DA2E124354586EF51E /* CleanArchWithUIKitDemo.app */;
			productType = "com.apple.product-type.application";
		};
		B4F328AA26CE56E48A54E105 /* CleanArchWithUIKitDemoAPIEndToEndTests */ = {
			isa = PBXNativeTarget;
			buildConfigurationList = E1BA383F4225FBC9D8635FAE /* Build configuration list for PBXNativeTarget "CleanArchWithUIKitDemoAPIEndToEndTests" */;
			buildPhases = (
				79E508D3876AA654C5161AB2 /* Sources */,
			);
			buildRules = (
			);
			dependencies = (
				08796D18E01892C65DE23C7D /* PBXTargetDependency */,
			);
			name = CleanArchWithUIKitDemoAPIEndToEndTests;
			productName = CleanArchWithUIKitDemoAPIEndToEndTests;
			productReference = 4F4E27C0991054312891959F /* CleanArchWithUIKitDemoAPIEndToEndTests.xctest */;
			productType = "com.apple.product-type.bundle.unit-test";
		};
		F0099955B6FCE070ABD9D192 /* CleanArchWithUIKitDemoTests */ = {
			isa = PBXNativeTarget;
			buildConfigurationList = 7A2C7BCEF46BE8096FB5535E /* Build configuration list for PBXNativeTarget "CleanArchWithUIKitDemoTests" */;
			buildPhases = (
				0504BCFA7F4993974257DDAD /* Sources */,
			);
			buildRules = (
			);
			dependencies = (
				B85A535988C7F27B49F2BB84 /* PBXTargetDependency */,
			);
			name = CleanArchWithUIKitDemoTests;
			productName = CleanArchWithUIKitDemoTests;
			productReference = 93BA51166B8F0727CFDB9541 /* CleanArchWithUIKitDemoTests.xctest */;
			productType = "com.apple.product-type.bundle.unit-test";
		};
/* End PBXNativeTarget section */

/* Begin PBXProject section */
		843B07F5064DEE44A19A403B /* Project object */ = {
			isa = PBXProject;
			attributes = {
				BuildIndependentTargetsInParallel = YES;
				LastUpgradeCheck = 1430;
				TargetAttributes = {
				};
			};
			buildConfigurationList = AFCE338EE842839776F528B7 /* Build configuration list for PBXProject "CleanArchWithUIKitDemo" */;
			compatibilityVersion = "Xcode 14.0";
			developmentRegion = en;
			hasScannedForEncodings = 0;
			knownRegions = (
				Base,
				en,
			);
			mainGroup = B63EDEED866A1A23DADE1FB1;
			projectDirPath = "";
			projectRoot = "";
			targets = (
				2269389022BADEBE0016D8DF /* CleanArchWithUIKitDemo */,
				B4F328AA26CE56E48A54E105 /* CleanArchWithUIKitDemoAPIEndToEndTests */,
				F0099955B6FCE070ABD9D192 /* CleanArchWithUIKitDemoTests */,
			);
		};
/* End PBXProject section */

/* Begin PBXResourcesBuildPhase section */
		7E90B36D73E0C8459FB3AB61 /* Resources */ = {
			isa = PBXResourcesBuildPhase;
			buildActionMask = 2147483647;
			files = (
				D2C307C5FCE587DDE8A010DE /* Assets.xcassets in Resources */,
				8B9157E4972623E7FAC41027 /* LaunchScreen.storyboard in Resources */,
				2CAA50840C408DA140BB2058 /* Main.storyboard in Resources */,
			);
			runOnlyForDeploymentPostprocessing = 0;
		};
/* End PBXResourcesBuildPhase section */

/* Begin PBXSourcesBuildPhase section */
		0504BCFA7F4993974257DDAD /* Sources */ = {
			isa = PBXSourcesBuildPhase;
			buildActionMask = 2147483647;
			files = (
				2115B53ED05D833C09D66E1F /* ExchangeRateListUseCaseTests.swift in Sources */,
				48ED46D5B0A9FE33DBBBC445 /* ExchangeRateTests.swift in Sources */,
				6822B3AA5BC25E2318DE3EAE /* RemoteDataLoaderTest.swift in Sources */,
				0950120BF7C173755DABD5F2 /* SharedTestHelpers.swift in Sources */,
				1FB60005EBEFBD5CFA0C98EE /* URLSessionHTTPClientTests.swift in Sources */,
			);
			runOnlyForDeploymentPostprocessing = 0;
		};
		79E508D3876AA654C5161AB2 /* Sources */ = {
			isa = PBXSourcesBuildPhase;
			buildActionMask = 2147483647;
			files = (
				89FE5AD78CFF89CC9C86CC90 /* ExchangeRateListAPIEndToEndTests.swift in Sources */,
			);
			runOnlyForDeploymentPostprocessing = 0;
		};
		C8AAF4A23190F5F5DD1F282D /* Sources */ = {
			isa = PBXSourcesBuildPhase;
			buildActionMask = 2147483647;
			files = (
				CF893DAC2BC45494AE96CAEA /* ApiConfig.swift in Sources */,
				E74AE78DF1CEF697DCF14378 /* AppDelegate.swift in Sources */,
				73B28D1A044D4555DBF2BF34 /* AppError.swift in Sources */,
				F94E48699001C8FE674763F0 /* DataServiceLoader.swift in Sources */,
				BE4AFE404A67B76651B29109 /* ExchangeRateDTO+Mapping.swift in Sources */,
				518DD42AFB672D323296CDE3 /* ExchangeRateEntity.swift in Sources */,
				656B4DBBA5F6BB077901791E /* ExchangeRateListApi.swift in Sources */,
				E5A08047553028F2FE83AF94 /* ExchangeRateListRepository.swift in Sources */,
				12BD66BD47789D90B4BE0297 /* ExchangeRateListUseCase.swift in Sources */,
				CF76714FE2DFDA29A6296040 /* HTTPClient.swift in Sources */,
				CF0E5AED8B85A6F657A494EB /* MainExchangeRateListRepository.swift in Sources */,
				8D49D28DA1F95DB97CE489FB /* RemoteDataLoader.swift in Sources */,
				7F4ACF6FCF2264BF88E7FD15 /* SceneDelegate.swift in Sources */,
				60D8D489F5E294AD9B99CB0E /* URLSessionHTTPClient.swift in Sources */,
				01477029A3E7640E4BCD971A /* ViewController.swift in Sources */,
			);
			runOnlyForDeploymentPostprocessing = 0;
		};
/* End PBXSourcesBuildPhase section */

/* Begin PBXTargetDependency section */
		08796D18E01892C65DE23C7D /* PBXTargetDependency */ = {
			isa = PBXTargetDependency;
			target = 2269389022BADEBE0016D8DF /* CleanArchWithUIKitDemo */;
			targetProxy = 3FA29D280C251994C3240C83 /* PBXContainerItemProxy */;
		};
		B85A535988C7F27B49F2BB84 /* PBXTargetDependency */ = {
			isa = PBXTargetDependency;
			target = 2269389022BADEBE0016D8DF /* CleanArchWithUIKitDemo */;
			targetProxy = 3C68FE879CE93834B916E6F1 /* PBXContainerItemProxy */;
		};
/* End PBXTargetDependency section */

/* Begin PBXVariantGroup section */
		71CE5E7793D05666AF79BF79 /* LaunchScreen.storyboard */ = {
			isa = PBXVariantGroup;
			children = (
				69EBC17BA171E32DF6C6C73B /* Base */,
			);
			name = LaunchScreen.storyboard;
			sourceTree = "<group>";
		};
		9B814066CE1BB97965546D7D /* Main.storyboard */ = {
			isa = PBXVariantGroup;
			children = (
				76507DBAB23374424B06B411 /* Base */,
			);
			name = Main.storyboard;
			sourceTree = "<group>";
		};
/* End PBXVariantGroup section */

/* Begin XCBuildConfiguration section */
		00A3A429B9AEC6A461C84A7C /* Debug */ = {
			isa = XCBuildConfiguration;
			buildSettings = {
				BUNDLE_LOADER = "$(TEST_HOST)";
				GENERATE_INFOPLIST_FILE = YES;
				LD_RUNPATH_SEARCH_PATHS = (
					"$(inherited)",
					"@executable_path/Frameworks",
					"@loader_path/Frameworks",
				);
				PRODUCT_BUNDLE_IDENTIFIER = com.jill.app.CleanArchWithUIKitDemoAPIEndToEndTests;
				SDKROOT = iphoneos;
				TARGETED_DEVICE_FAMILY = "1,2";
				TEST_HOST = "$(BUILT_PRODUCTS_DIR)/CleanArchWithUIKitDemo.app/CleanArchWithUIKitDemo";
			};
			name = Debug;
		};
		0CA85F9687D4D90EEFFAD7D0 /* Release */ = {
			isa = XCBuildConfiguration;
			buildSettings = {
				ASSETCATALOG_COMPILER_APPICON_NAME = AppIcon;
				CODE_SIGN_IDENTITY = "iPhone Developer";
				INFOPLIST_FILE = CleanArchWithUIKitDemo/Resources/Info.plist;
				LD_RUNPATH_SEARCH_PATHS = (
					"$(inherited)",
					"@executable_path/Frameworks",
				);
				PRODUCT_BUNDLE_IDENTIFIER = com.jill.app.CleanArchWithUIKitDemo;
				SDKROOT = iphoneos;
				TARGETED_DEVICE_FAMILY = "1,2";
			};
			name = Release;
		};
		1C57D5343594BAC4E1174578 /* Debug */ = {
			isa = XCBuildConfiguration;
			buildSettings = {
				ALWAYS_SEARCH_USER_PATHS = NO;
				ASSETCATALOG_COMPILER_GENERATE_SWIFT_ASSET_SYMBOL_EXTENSIONS = YES;
				CLANG_ANALYZER_NONNULL = YES;
				CLANG_ANALYZER_NUMBER_OBJECT_CONVERSION = YES_AGGRESSIVE;
				CLANG_CXX_LANGUAGE_STANDARD = "gnu++14";
				CLANG_CXX_LIBRARY = "libc++";
				CLANG_ENABLE_MODULES = YES;
				CLANG_ENABLE_OBJC_ARC = YES;
				CLANG_ENABLE_OBJC_WEAK = YES;
				CLANG_WARN_BLOCK_CAPTURE_AUTORELEASING = YES;
				CLANG_WARN_BOOL_CONVERSION = YES;
				CLANG_WARN_COMMA = YES;
				CLANG_WARN_CONSTANT_CONVERSION = YES;
				CLANG_WARN_DEPRECATED_OBJC_IMPLEMENTATIONS = YES;
				CLANG_WARN_DIRECT_OBJC_ISA_USAGE = YES_ERROR;
				CLANG_WARN_DOCUMENTATION_COMMENTS = YES;
				CLANG_WARN_EMPTY_BODY = YES;
				CLANG_WARN_ENUM_CONVERSION = YES;
				CLANG_WARN_INFINITE_RECURSION = YES;
				CLANG_WARN_INT_CONVERSION = YES;
				CLANG_WARN_NON_LITERAL_NULL_CONVERSION = YES;
				CLANG_WARN_OBJC_IMPLICIT_RETAIN_SELF = YES;
				CLANG_WARN_OBJC_LITERAL_CONVERSION = YES;
				CLANG_WARN_OBJC_ROOT_CLASS = YES_ERROR;
				CLANG_WARN_QUOTED_INCLUDE_IN_FRAMEWORK_HEADER = YES;
				CLANG_WARN_RANGE_LOOP_ANALYSIS = YES;
				CLANG_WARN_STRICT_PROTOTYPES = YES;
				CLANG_WARN_SUSPICIOUS_MOVE = YES;
				CLANG_WARN_UNGUARDED_AVAILABILITY = YES_AGGRESSIVE;
				CLANG_WARN_UNREACHABLE_CODE = YES;
				CLANG_WARN__DUPLICATE_METHOD_MATCH = YES;
				COPY_PHASE_STRIP = NO;
				DEBUG_INFORMATION_FORMAT = dwarf;
				ENABLE_STRICT_OBJC_MSGSEND = YES;
				ENABLE_TESTABILITY = YES;
				ENABLE_USER_SCRIPT_SANDBOXING = YES;
				GCC_C_LANGUAGE_STANDARD = gnu11;
				GCC_DYNAMIC_NO_PIC = NO;
				GCC_NO_COMMON_BLOCKS = YES;
				GCC_OPTIMIZATION_LEVEL = 0;
				GCC_PREPROCESSOR_DEFINITIONS = (
					"$(inherited)",
					"DEBUG=1",
				);
				GCC_WARN_64_TO_32_BIT_CONVERSION = YES;
				GCC_WARN_ABOUT_RETURN_TYPE = YES_ERROR;
				GCC_WARN_UNDECLARED_SELECTOR = YES;
				GCC_WARN_UNINITIALIZED_AUTOS = YES_AGGRESSIVE;
				GCC_WARN_UNUSED_FUNCTION = YES;
				GCC_WARN_UNUSED_VARIABLE = YES;
				IPHONEOS_DEPLOYMENT_TARGET = 17.0;
				MTL_ENABLE_DEBUG_INFO = INCLUDE_SOURCE;
				MTL_FAST_MATH = YES;
				ONLY_ACTIVE_ARCH = YES;
				PRODUCT_NAME = "$(TARGET_NAME)";
				SDKROOT = iphoneos;
				SWIFT_ACTIVE_COMPILATION_CONDITIONS = DEBUG;
				SWIFT_OPTIMIZATION_LEVEL = "-Onone";
				SWIFT_VERSION = 5.0;
			};
			name = Debug;
		};
		3B850F0903632FDF985FF060 /* Debug */ = {
			isa = XCBuildConfiguration;
			buildSettings = {
				BUNDLE_LOADER = "$(TEST_HOST)";
				GENERATE_INFOPLIST_FILE = YES;
				LD_RUNPATH_SEARCH_PATHS = (
					"$(inherited)",
					"@executable_path/Frameworks",
					"@loader_path/Frameworks",
				);
				PRODUCT_BUNDLE_IDENTIFIER = com.jill.app.CleanArchWithUIKitDemoTests;
				SDKROOT = iphoneos;
				TARGETED_DEVICE_FAMILY = "1,2";
				TEST_HOST = "$(BUILT_PRODUCTS_DIR)/CleanArchWithUIKitDemo.app/CleanArchWithUIKitDemo";
			};
			name = Debug;
		};
		3F7CE59AD67A5A137B104B57 /* Release */ = {
			isa = XCBuildConfiguration;
			buildSettings = {
				ALWAYS_SEARCH_USER_PATHS = NO;
				ASSETCATALOG_COMPILER_GENERATE_SWIFT_ASSET_SYMBOL_EXTENSIONS = YES;
				CLANG_ANALYZER_NONNULL = YES;
				CLANG_ANALYZER_NUMBER_OBJECT_CONVERSION = YES_AGGRESSIVE;
				CLANG_CXX_LANGUAGE_STANDARD = "gnu++14";
				CLANG_CXX_LIBRARY = "libc++";
				CLANG_ENABLE_MODULES = YES;
				CLANG_ENABLE_OBJC_ARC = YES;
				CLANG_ENABLE_OBJC_WEAK = YES;
				CLANG_WARN_BLOCK_CAPTURE_AUTORELEASING = YES;
				CLANG_WARN_BOOL_CONVERSION = YES;
				CLANG_WARN_COMMA = YES;
				CLANG_WARN_CONSTANT_CONVERSION = YES;
				CLANG_WARN_DEPRECATED_OBJC_IMPLEMENTATIONS = YES;
				CLANG_WARN_DIRECT_OBJC_ISA_USAGE = YES_ERROR;
				CLANG_WARN_DOCUMENTATION_COMMENTS = YES;
				CLANG_WARN_EMPTY_BODY = YES;
				CLANG_WARN_ENUM_CONVERSION = YES;
				CLANG_WARN_INFINITE_RECURSION = YES;
				CLANG_WARN_INT_CONVERSION = YES;
				CLANG_WARN_NON_LITERAL_NULL_CONVERSION = YES;
				CLANG_WARN_OBJC_IMPLICIT_RETAIN_SELF = YES;
				CLANG_WARN_OBJC_LITERAL_CONVERSION = YES;
				CLANG_WARN_OBJC_ROOT_CLASS = YES_ERROR;
				CLANG_WARN_QUOTED_INCLUDE_IN_FRAMEWORK_HEADER = YES;
				CLANG_WARN_RANGE_LOOP_ANALYSIS = YES;
				CLANG_WARN_STRICT_PROTOTYPES = YES;
				CLANG_WARN_SUSPICIOUS_MOVE = YES;
				CLANG_WARN_UNGUARDED_AVAILABILITY = YES_AGGRESSIVE;
				CLANG_WARN_UNREACHABLE_CODE = YES;
				CLANG_WARN__DUPLICATE_METHOD_MATCH = YES;
				COPY_PHASE_STRIP = NO;
				DEBUG_INFORMATION_FORMAT = "dwarf-with-dsym";
				ENABLE_NS_ASSERTIONS = NO;
				ENABLE_STRICT_OBJC_MSGSEND = YES;
				ENABLE_USER_SCRIPT_SANDBOXING = YES;
				GCC_C_LANGUAGE_STANDARD = gnu11;
				GCC_NO_COMMON_BLOCKS = YES;
				GCC_WARN_64_TO_32_BIT_CONVERSION = YES;
				GCC_WARN_ABOUT_RETURN_TYPE = YES_ERROR;
				GCC_WARN_UNDECLARED_SELECTOR = YES;
				GCC_WARN_UNINITIALIZED_AUTOS = YES_AGGRESSIVE;
				GCC_WARN_UNUSED_FUNCTION = YES;
				GCC_WARN_UNUSED_VARIABLE = YES;
				IPHONEOS_DEPLOYMENT_TARGET = 17.0;
				MTL_ENABLE_DEBUG_INFO = NO;
				MTL_FAST_MATH = YES;
				PRODUCT_NAME = "$(TARGET_NAME)";
				SDKROOT = iphoneos;
				SWIFT_COMPILATION_MODE = wholemodule;
				SWIFT_OPTIMIZATION_LEVEL = "-O";
				SWIFT_VERSION = 5.0;
			};
			name = Release;
		};
		588B24150BDA2ED0FE8C2BAE /* Release */ = {
			isa = XCBuildConfiguration;
			buildSettings = {
				BUNDLE_LOADER = "$(TEST_HOST)";
				GENERATE_INFOPLIST_FILE = YES;
				LD_RUNPATH_SEARCH_PATHS = (
					"$(inherited)",
					"@executable_path/Frameworks",
					"@loader_path/Frameworks",
				);
				PRODUCT_BUNDLE_IDENTIFIER = com.jill.app.CleanArchWithUIKitDemoAPIEndToEndTests;
				SDKROOT = iphoneos;
				TARGETED_DEVICE_FAMILY = "1,2";
				TEST_HOST = "$(BUILT_PRODUCTS_DIR)/CleanArchWithUIKitDemo.app/CleanArchWithUIKitDemo";
			};
			name = Release;
		};
		9BC5AF14F9F7A591887C21A4 /* Debug */ = {
			isa = XCBuildConfiguration;
			buildSettings = {
				ASSETCATALOG_COMPILER_APPICON_NAME = AppIcon;
				CODE_SIGN_IDENTITY = "iPhone Developer";
				INFOPLIST_FILE = CleanArchWithUIKitDemo/Resources/Info.plist;
				LD_RUNPATH_SEARCH_PATHS = (
					"$(inherited)",
					"@executable_path/Frameworks",
				);
				PRODUCT_BUNDLE_IDENTIFIER = com.jill.app.CleanArchWithUIKitDemo;
				SDKROOT = iphoneos;
				TARGETED_DEVICE_FAMILY = "1,2";
			};
			name = Debug;
		};
		EDA59AC001486DA7908734CB /* Release */ = {
			isa = XCBuildConfiguration;
			buildSettings = {
				BUNDLE_LOADER = "$(TEST_HOST)";
				GENERATE_INFOPLIST_FILE = YES;
				LD_RUNPATH_SEARCH_PATHS = (
					"$(inherited)",
					"@executable_path/Frameworks",
					"@loader_path/Frameworks",
				);
				PRODUCT_BUNDLE_IDENTIFIER = com.jill.app.CleanArchWithUIKitDemoTests;
				SDKROOT = iphoneos;
				TARGETED_DEVICE_FAMILY = "1,2";
				TEST_HOST = "$(BUILT_PRODUCTS_DIR)/CleanArchWithUIKitDemo.app/CleanArchWithUIKitDemo";
			};
			name = Release;
		};
/* End XCBuildConfiguration section */

/* Begin XCConfigurationList section */
		7A2C7BCEF46BE8096FB5535E /* Build configuration list for PBXNativeTarget "CleanArchWithUIKitDemoTests" */ = {
			isa = XCConfigurationList;
			buildConfigurations = (
				3B850F0903632FDF985FF060 /* Debug */,
				EDA59AC001486DA7908734CB /* Release */,
			);
			defaultConfigurationIsVisible = 0;
			defaultConfigurationName = Debug;
		};
		AFCE338EE842839776F528B7 /* Build configuration list for PBXProject "CleanArchWithUIKitDemo" */ = {
			isa = XCConfigurationList;
			buildConfigurations = (
				1C57D5343594BAC4E1174578 /* Debug */,
				3F7CE59AD67A5A137B104B57 /* Release */,
			);
			defaultConfigurationIsVisible = 0;
			defaultConfigurationName = Debug;
		};
		E1BA383F4225FBC9D8635FAE /* Build configuration list for PBXNativeTarget "CleanArchWithUIKitDemoAPIEndToEndTests" */ = {
			isa = XCConfigurationList;
			buildConfigurations = (
				00A3A429B9AEC6A461C84A7C /* Debug */,
				588B24150BDA2ED0FE8C2BAE /* Release */,
			);
			defaultConfigurationIsVisible = 0;
			defaultConfigurationName = Debug;
		};
		E4149AE90F107DA09D927076 /* Build configuration list for PBXNativeTarget "CleanArchWithUIKitDemo" */ = {
			isa = XCConfigurationList;
			buildConfigurations = (
				9BC5AF14F9F7A591887C21A4 /* Debug */,
				0CA85F9687D4D90EEFFAD7D0 /* Release */,
			);
			defaultConfigurationIsVisible = 0;
			defaultConfigurationName = Debug;
		};
/* End XCConfigurationList section */
	};
	rootObject = 843B07F5064DEE44A19A403B /* Project object */;
}
